{
  "version": 4,
  "terraform_version": "1.9.6",
  "serial": 852,
  "lineage": "5f07ec52-ff4d-4fbb-f839-6e696ce228cb",
  "outputs": {
    "app_vm_private_ips": {
      "value": [
        "10.1.1.5",
        "10.1.1.4"
      ],
      "type": [
        "tuple",
        [
          "string",
          "string"
        ]
      ]
    },
    "bastion_public_ip": {
      "value": "4.239.104.176",
      "type": "string"
    },
    "db_vm_private_ip": {
      "value": "10.1.2.4",
      "type": "string"
    },
    "key_vault_name": {
      "value": "cgi-enterprise-kv",
      "type": "string"
    },
    "key_vault_uri": {
      "value": "https://cgi-enterprise-kv.vault.azure.net/",
      "type": "string"
    },
    "load_balancer_ip": {
      "value": "4.239.106.23",
      "type": "string"
    }
  },
  "resources": [
    {
      "mode": "data",
      "type": "azurerm_client_config",
      "name": "current",
      "provider": "provider[\"registry.terraform.io/hashicorp/azurerm\"]",
      "instances": [
        {
          "schema_version": 0,
          "attributes": {
            "client_id": "04b07795-8ddb-461a-bbee-02f9e1bf7b46",
            "id": "Y2xpZW50Q29uZmlncy9jbGllbnRJZD0wNGIwNzc5NS04ZGRiLTQ2MWEtYmJlZS0wMmY5ZTFiZjdiNDY7b2JqZWN0SWQ9MDI3MWNlZjctOWY2NS00MTFhLTgzNDAtZjUyMzI0MWNhYjNiO3N1YnNjcmlwdGlvbklkPTY5NjVlYjUzLTFlZmMtNDI3Yy05MGE1LWI3ZjMwZjkwMmQxMTt0ZW5hbnRJZD1iOWZlYzY4Yy1jOTJkLTQ2MWUtOWE5Ny0zZDAzYTBmMThiODI=",
            "object_id": "0271cef7-9f65-411a-8340-f523241cab3b",
            "subscription_id": "6965eb53-1efc-427c-90a5-b7f30f902d11",
            "tenant_id": "b9fec68c-c92d-461e-9a97-3d03a0f18b82",
            "timeouts": null
          },
          "sensitive_attributes": []
        }
      ]
    },
    {
      "mode": "managed",
      "type": "azurerm_bastion_host",
      "name": "enterprise_bastion",
      "provider": "provider[\"registry.terraform.io/hashicorp/azurerm\"]",
      "instances": [
        {
          "schema_version": 0,
          "attributes": {
            "copy_paste_enabled": true,
            "dns_name": "bst-7599a5d5-eafc-4d6f-97cb-2a6d0bd030a6.bastion.azure.com",
            "file_copy_enabled": false,
            "id": "/subscriptions/6965eb53-1efc-427c-90a5-b7f30f902d11/resourceGroups/CGI-Enterprise/providers/Microsoft.Network/bastionHosts/EnterpriseBastionHost",
            "ip_configuration": [
              {
                "name": "default",
                "public_ip_address_id": "/subscriptions/6965eb53-1efc-427c-90a5-b7f30f902d11/resourceGroups/CGI-Enterprise/providers/Microsoft.Network/publicIPAddresses/bastion-ip",
                "subnet_id": "/subscriptions/6965eb53-1efc-427c-90a5-b7f30f902d11/resourceGroups/CGI-Enterprise/providers/Microsoft.Network/virtualNetworks/CGIEnterpriseVNet/subnets/AzureBastionSubnet"
              }
            ],
            "ip_connect_enabled": false,
            "kerberos_enabled": false,
            "location": "canadaeast",
            "name": "EnterpriseBastionHost",
            "resource_group_name": "CGI-Enterprise",
            "scale_units": 2,
            "session_recording_enabled": false,
            "shareable_link_enabled": false,
            "sku": "Basic",
            "tags": null,
            "timeouts": null,
            "tunneling_enabled": false,
            "virtual_network_id": ""
          },
          "sensitive_attributes": [],
          "private": "eyJlMmJmYjczMC1lY2FhLTExZTYtOGY4OC0zNDM2M2JjN2M0YzAiOnsiY3JlYXRlIjoxODAwMDAwMDAwMDAwLCJkZWxldGUiOjE4MDAwMDAwMDAwMDAsInJlYWQiOjMwMDAwMDAwMDAwMCwidXBkYXRlIjoxODAwMDAwMDAwMDAwfX0=",
          "dependencies": [
            "azurerm_public_ip.bastion_ip",
            "azurerm_resource_group.enterprise_rg",
            "azurerm_subnet.bastion_subnet",
            "azurerm_virtual_network.enterprise_vnet"
          ]
        }
      ]
    },
    {
      "mode": "managed",
      "type": "azurerm_key_vault",
      "name": "enterprise_vault",
      "provider": "provider[\"registry.terraform.io/hashicorp/azurerm\"]",
      "instances": [
        {
          "schema_version": 2,
          "attributes": {
            "access_policy": [],
            "contact": [],
            "enable_rbac_authorization": false,
            "enabled_for_deployment": false,
            "enabled_for_disk_encryption": false,
            "enabled_for_template_deployment": false,
            "id": "/subscriptions/6965eb53-1efc-427c-90a5-b7f30f902d11/resourceGroups/CGI-Enterprise/providers/Microsoft.KeyVault/vaults/cgi-enterprise-kv",
            "location": "canadaeast",
            "name": "cgi-enterprise-kv",
            "network_acls": [
              {
                "bypass": "AzureServices",
                "default_action": "Deny",
                "ip_rules": [
                  "165.225.212.248",
                  "4.239.104.176"
                ],
                "virtual_network_subnet_ids": null
              }
            ],
            "public_network_access_enabled": true,
            "purge_protection_enabled": false,
            "resource_group_name": "CGI-Enterprise",
            "sku_name": "standard",
            "soft_delete_retention_days": 7,
            "tags": null,
            "tenant_id": "b9fec68c-c92d-461e-9a97-3d03a0f18b82",
            "timeouts": null,
            "vault_uri": "https://cgi-enterprise-kv.vault.azure.net/"
          },
          "sensitive_attributes": [],
          "private": "eyJlMmJmYjczMC1lY2FhLTExZTYtOGY4OC0zNDM2M2JjN2M0YzAiOnsiY3JlYXRlIjoxODAwMDAwMDAwMDAwLCJkZWxldGUiOjE4MDAwMDAwMDAwMDAsInJlYWQiOjMwMDAwMDAwMDAwMCwidXBkYXRlIjoxODAwMDAwMDAwMDAwfSwic2NoZW1hX3ZlcnNpb24iOiIyIn0=",
          "dependencies": [
            "azurerm_public_ip.bastion_ip",
            "azurerm_resource_group.enterprise_rg",
            "data.azurerm_client_config.current"
          ]
        }
      ]
    },
    {
      "mode": "managed",
      "type": "azurerm_key_vault_access_policy",
      "name": "app_vm",
      "provider": "provider[\"registry.terraform.io/hashicorp/azurerm\"]",
      "instances": [
        {
          "index_key": 0,
          "schema_version": 0,
          "attributes": {
            "application_id": null,
            "certificate_permissions": null,
            "id": "/subscriptions/6965eb53-1efc-427c-90a5-b7f30f902d11/resourceGroups/CGI-Enterprise/providers/Microsoft.KeyVault/vaults/cgi-enterprise-kv/objectId/d46cd5a5-31da-4c77-b694-a85c8e51a50a",
            "key_permissions": null,
            "key_vault_id": "/subscriptions/6965eb53-1efc-427c-90a5-b7f30f902d11/resourceGroups/CGI-Enterprise/providers/Microsoft.KeyVault/vaults/cgi-enterprise-kv",
            "object_id": "d46cd5a5-31da-4c77-b694-a85c8e51a50a",
            "secret_permissions": [
              "Get",
              "List"
            ],
            "storage_permissions": null,
            "tenant_id": "b9fec68c-c92d-461e-9a97-3d03a0f18b82",
            "timeouts": null
          },
          "sensitive_attributes": [],
          "private": "eyJlMmJmYjczMC1lY2FhLTExZTYtOGY4OC0zNDM2M2JjN2M0YzAiOnsiY3JlYXRlIjoxODAwMDAwMDAwMDAwLCJkZWxldGUiOjE4MDAwMDAwMDAwMDAsInJlYWQiOjMwMDAwMDAwMDAwMCwidXBkYXRlIjoxODAwMDAwMDAwMDAwfX0=",
          "dependencies": [
            "azurerm_key_vault.enterprise_vault",
            "azurerm_network_interface.app_nic",
            "azurerm_public_ip.app_vm_public_ip",
            "azurerm_public_ip.bastion_ip",
            "azurerm_resource_group.enterprise_rg",
            "azurerm_storage_account.enterprise_storage",
            "azurerm_subnet.app_subnet",
            "azurerm_virtual_network.enterprise_vnet",
            "azurerm_windows_virtual_machine.app_vm",
            "data.azurerm_client_config.current",
            "random_password.app_vm_password"
          ]
        },
        {
          "index_key": 1,
          "schema_version": 0,
          "attributes": {
            "application_id": null,
            "certificate_permissions": null,
            "id": "/subscriptions/6965eb53-1efc-427c-90a5-b7f30f902d11/resourceGroups/CGI-Enterprise/providers/Microsoft.KeyVault/vaults/cgi-enterprise-kv/objectId/7db056de-8a87-4582-b051-f61104b7233c",
            "key_permissions": null,
            "key_vault_id": "/subscriptions/6965eb53-1efc-427c-90a5-b7f30f902d11/resourceGroups/CGI-Enterprise/providers/Microsoft.KeyVault/vaults/cgi-enterprise-kv",
            "object_id": "7db056de-8a87-4582-b051-f61104b7233c",
            "secret_permissions": [
              "Get",
              "List"
            ],
            "storage_permissions": null,
            "tenant_id": "b9fec68c-c92d-461e-9a97-3d03a0f18b82",
            "timeouts": null
          },
          "sensitive_attributes": [],
          "private": "eyJlMmJmYjczMC1lY2FhLTExZTYtOGY4OC0zNDM2M2JjN2M0YzAiOnsiY3JlYXRlIjoxODAwMDAwMDAwMDAwLCJkZWxldGUiOjE4MDAwMDAwMDAwMDAsInJlYWQiOjMwMDAwMDAwMDAwMCwidXBkYXRlIjoxODAwMDAwMDAwMDAwfX0=",
          "dependencies": [
            "azurerm_key_vault.enterprise_vault",
            "azurerm_network_interface.app_nic",
            "azurerm_public_ip.app_vm_public_ip",
            "azurerm_public_ip.bastion_ip",
            "azurerm_resource_group.enterprise_rg",
            "azurerm_storage_account.enterprise_storage",
            "azurerm_subnet.app_subnet",
            "azurerm_virtual_network.enterprise_vnet",
            "azurerm_windows_virtual_machine.app_vm",
            "data.azurerm_client_config.current",
            "random_password.app_vm_password"
          ]
        }
      ]
    },
    {
      "mode": "managed",
      "type": "azurerm_key_vault_access_policy",
      "name": "db_vm",
      "provider": "provider[\"registry.terraform.io/hashicorp/azurerm\"]",
      "instances": [
        {
          "schema_version": 0,
          "attributes": {
            "application_id": null,
            "certificate_permissions": null,
            "id": "/subscriptions/6965eb53-1efc-427c-90a5-b7f30f902d11/resourceGroups/CGI-Enterprise/providers/Microsoft.KeyVault/vaults/cgi-enterprise-kv/objectId/34078acd-7eff-44a5-9139-6fdb3daec6e3",
            "key_permissions": null,
            "key_vault_id": "/subscriptions/6965eb53-1efc-427c-90a5-b7f30f902d11/resourceGroups/CGI-Enterprise/providers/Microsoft.KeyVault/vaults/cgi-enterprise-kv",
            "object_id": "34078acd-7eff-44a5-9139-6fdb3daec6e3",
            "secret_permissions": [
              "Get",
              "List"
            ],
            "storage_permissions": null,
            "tenant_id": "b9fec68c-c92d-461e-9a97-3d03a0f18b82",
            "timeouts": null
          },
          "sensitive_attributes": [],
          "private": "eyJlMmJmYjczMC1lY2FhLTExZTYtOGY4OC0zNDM2M2JjN2M0YzAiOnsiY3JlYXRlIjoxODAwMDAwMDAwMDAwLCJkZWxldGUiOjE4MDAwMDAwMDAwMDAsInJlYWQiOjMwMDAwMDAwMDAwMCwidXBkYXRlIjoxODAwMDAwMDAwMDAwfX0=",
          "dependencies": [
            "azurerm_key_vault.enterprise_vault",
            "azurerm_network_interface.db_nic",
            "azurerm_public_ip.bastion_ip",
            "azurerm_resource_group.enterprise_rg",
            "azurerm_subnet.data_subnet",
            "azurerm_virtual_network.enterprise_vnet",
            "azurerm_windows_virtual_machine.db_vm",
            "data.azurerm_client_config.current",
            "random_password.db_vm_password"
          ]
        }
      ]
    },
    {
      "mode": "managed",
      "type": "azurerm_key_vault_access_policy",
      "name": "terraform",
      "provider": "provider[\"registry.terraform.io/hashicorp/azurerm\"]",
      "instances": [
        {
          "schema_version": 0,
          "attributes": {
            "application_id": null,
            "certificate_permissions": null,
            "id": "/subscriptions/6965eb53-1efc-427c-90a5-b7f30f902d11/resourceGroups/CGI-Enterprise/providers/Microsoft.KeyVault/vaults/cgi-enterprise-kv/objectId/0271cef7-9f65-411a-8340-f523241cab3b",
            "key_permissions": null,
            "key_vault_id": "/subscriptions/6965eb53-1efc-427c-90a5-b7f30f902d11/resourceGroups/CGI-Enterprise/providers/Microsoft.KeyVault/vaults/cgi-enterprise-kv",
            "object_id": "0271cef7-9f65-411a-8340-f523241cab3b",
            "secret_permissions": [
              "Backup",
              "Delete",
              "Get",
              "List",
              "Purge",
              "Recover",
              "Restore",
              "Set"
            ],
            "storage_permissions": null,
            "tenant_id": "b9fec68c-c92d-461e-9a97-3d03a0f18b82",
            "timeouts": null
          },
          "sensitive_attributes": [],
          "private": "eyJlMmJmYjczMC1lY2FhLTExZTYtOGY4OC0zNDM2M2JjN2M0YzAiOnsiY3JlYXRlIjoxODAwMDAwMDAwMDAwLCJkZWxldGUiOjE4MDAwMDAwMDAwMDAsInJlYWQiOjMwMDAwMDAwMDAwMCwidXBkYXRlIjoxODAwMDAwMDAwMDAwfX0=",
          "dependencies": [
            "azurerm_key_vault.enterprise_vault",
            "azurerm_public_ip.bastion_ip",
            "azurerm_resource_group.enterprise_rg",
            "data.azurerm_client_config.current"
          ]
        }
      ]
    },
    {
      "mode": "managed",
      "type": "azurerm_key_vault_secret",
      "name": "app_vm_password",
      "provider": "provider[\"registry.terraform.io/hashicorp/azurerm\"]",
      "instances": [
        {
          "schema_version": 0,
          "attributes": {
            "content_type": "",
            "expiration_date": null,
            "id": "https://cgi-enterprise-kv.vault.azure.net/secrets/app-vm-password/b7098330f7ba4ca7b8a2e9c837cece0d",
            "key_vault_id": "/subscriptions/6965eb53-1efc-427c-90a5-b7f30f902d11/resourceGroups/CGI-Enterprise/providers/Microsoft.KeyVault/vaults/cgi-enterprise-kv",
            "name": "app-vm-password",
            "not_before_date": null,
            "resource_id": "/subscriptions/6965eb53-1efc-427c-90a5-b7f30f902d11/resourceGroups/CGI-Enterprise/providers/Microsoft.KeyVault/vaults/cgi-enterprise-kv/secrets/app-vm-password/versions/b7098330f7ba4ca7b8a2e9c837cece0d",
            "resource_versionless_id": "/subscriptions/6965eb53-1efc-427c-90a5-b7f30f902d11/resourceGroups/CGI-Enterprise/providers/Microsoft.KeyVault/vaults/cgi-enterprise-kv/secrets/app-vm-password",
            "tags": null,
            "timeouts": null,
            "value": "nblP2DWCFQMTbYtD",
            "version": "b7098330f7ba4ca7b8a2e9c837cece0d",
            "versionless_id": "https://cgi-enterprise-kv.vault.azure.net/secrets/app-vm-password"
          },
          "sensitive_attributes": [
            [
              {
                "type": "get_attr",
                "value": "value"
              }
            ]
          ],
          "private": "eyJlMmJmYjczMC1lY2FhLTExZTYtOGY4OC0zNDM2M2JjN2M0YzAiOnsiY3JlYXRlIjoxODAwMDAwMDAwMDAwLCJkZWxldGUiOjE4MDAwMDAwMDAwMDAsInJlYWQiOjE4MDAwMDAwMDAwMDAsInVwZGF0ZSI6MTgwMDAwMDAwMDAwMH19",
          "dependencies": [
            "azurerm_key_vault.enterprise_vault",
            "azurerm_key_vault_access_policy.terraform",
            "azurerm_public_ip.bastion_ip",
            "azurerm_resource_group.enterprise_rg",
            "data.azurerm_client_config.current",
            "random_password.app_vm_password"
          ]
        }
      ]
    },
    {
      "mode": "managed",
      "type": "azurerm_key_vault_secret",
      "name": "db_vm_password",
      "provider": "provider[\"registry.terraform.io/hashicorp/azurerm\"]",
      "instances": [
        {
          "schema_version": 0,
          "attributes": {
            "content_type": "",
            "expiration_date": null,
            "id": "https://cgi-enterprise-kv.vault.azure.net/secrets/db-vm-password/644ae1ae7add42229879f7881bee7e20",
            "key_vault_id": "/subscriptions/6965eb53-1efc-427c-90a5-b7f30f902d11/resourceGroups/CGI-Enterprise/providers/Microsoft.KeyVault/vaults/cgi-enterprise-kv",
            "name": "db-vm-password",
            "not_before_date": null,
            "resource_id": "/subscriptions/6965eb53-1efc-427c-90a5-b7f30f902d11/resourceGroups/CGI-Enterprise/providers/Microsoft.KeyVault/vaults/cgi-enterprise-kv/secrets/db-vm-password/versions/644ae1ae7add42229879f7881bee7e20",
            "resource_versionless_id": "/subscriptions/6965eb53-1efc-427c-90a5-b7f30f902d11/resourceGroups/CGI-Enterprise/providers/Microsoft.KeyVault/vaults/cgi-enterprise-kv/secrets/db-vm-password",
            "tags": null,
            "timeouts": null,
            "value": "hYG!q0%thx5MN0IZ",
            "version": "644ae1ae7add42229879f7881bee7e20",
            "versionless_id": "https://cgi-enterprise-kv.vault.azure.net/secrets/db-vm-password"
          },
          "sensitive_attributes": [
            [
              {
                "type": "get_attr",
                "value": "value"
              }
            ]
          ],
          "private": "eyJlMmJmYjczMC1lY2FhLTExZTYtOGY4OC0zNDM2M2JjN2M0YzAiOnsiY3JlYXRlIjoxODAwMDAwMDAwMDAwLCJkZWxldGUiOjE4MDAwMDAwMDAwMDAsInJlYWQiOjE4MDAwMDAwMDAwMDAsInVwZGF0ZSI6MTgwMDAwMDAwMDAwMH19",
          "dependencies": [
            "azurerm_key_vault.enterprise_vault",
            "azurerm_key_vault_access_policy.terraform",
            "azurerm_public_ip.bastion_ip",
            "azurerm_resource_group.enterprise_rg",
            "data.azurerm_client_config.current",
            "random_password.db_vm_password"
          ]
        }
      ]
    },
    {
      "mode": "managed",
      "type": "azurerm_key_vault_secret",
      "name": "subscription_id",
      "provider": "provider[\"registry.terraform.io/hashicorp/azurerm\"]",
      "instances": [
        {
          "schema_version": 0,
          "attributes": {
            "content_type": "",
            "expiration_date": null,
            "id": "https://cgi-enterprise-kv.vault.azure.net/secrets/subscription-id/53d2144a30764910b771f2f8ee8e6b99",
            "key_vault_id": "/subscriptions/6965eb53-1efc-427c-90a5-b7f30f902d11/resourceGroups/CGI-Enterprise/providers/Microsoft.KeyVault/vaults/cgi-enterprise-kv",
            "name": "subscription-id",
            "not_before_date": null,
            "resource_id": "/subscriptions/6965eb53-1efc-427c-90a5-b7f30f902d11/resourceGroups/CGI-Enterprise/providers/Microsoft.KeyVault/vaults/cgi-enterprise-kv/secrets/subscription-id/versions/53d2144a30764910b771f2f8ee8e6b99",
            "resource_versionless_id": "/subscriptions/6965eb53-1efc-427c-90a5-b7f30f902d11/resourceGroups/CGI-Enterprise/providers/Microsoft.KeyVault/vaults/cgi-enterprise-kv/secrets/subscription-id",
            "tags": null,
            "timeouts": null,
            "value": "6965eb53-1efc-427c-90a5-b7f30f902d11",
            "version": "53d2144a30764910b771f2f8ee8e6b99",
            "versionless_id": "https://cgi-enterprise-kv.vault.azure.net/secrets/subscription-id"
          },
          "sensitive_attributes": [
            [
              {
                "type": "get_attr",
                "value": "value"
              }
            ]
          ],
          "private": "eyJlMmJmYjczMC1lY2FhLTExZTYtOGY4OC0zNDM2M2JjN2M0YzAiOnsiY3JlYXRlIjoxODAwMDAwMDAwMDAwLCJkZWxldGUiOjE4MDAwMDAwMDAwMDAsInJlYWQiOjE4MDAwMDAwMDAwMDAsInVwZGF0ZSI6MTgwMDAwMDAwMDAwMH19",
          "dependencies": [
            "azurerm_key_vault.enterprise_vault",
            "azurerm_key_vault_access_policy.terraform",
            "azurerm_public_ip.bastion_ip",
            "azurerm_resource_group.enterprise_rg",
            "data.azurerm_client_config.current"
          ]
        }
      ]
    },
    {
      "mode": "managed",
      "type": "azurerm_lb",
      "name": "app_lb",
      "provider": "provider[\"registry.terraform.io/hashicorp/azurerm\"]",
      "instances": [
        {
          "schema_version": 0,
          "attributes": {
            "edge_zone": "",
            "frontend_ip_configuration": [
              {
                "gateway_load_balancer_frontend_ip_configuration_id": "",
                "id": "/subscriptions/6965eb53-1efc-427c-90a5-b7f30f902d11/resourceGroups/CGI-Enterprise/providers/Microsoft.Network/loadBalancers/EnterpriseAppLoadBalancer/frontendIPConfigurations/app_lb_frontend",
                "inbound_nat_rules": [],
                "load_balancer_rules": [],
                "name": "app_lb_frontend",
                "outbound_rules": [],
                "private_ip_address": "",
                "private_ip_address_allocation": "Dynamic",
                "private_ip_address_version": "",
                "public_ip_address_id": "/subscriptions/6965eb53-1efc-427c-90a5-b7f30f902d11/resourceGroups/CGI-Enterprise/providers/Microsoft.Network/publicIPAddresses/lb-public-ip",
                "public_ip_prefix_id": "",
                "subnet_id": "",
                "zones": null
              }
            ],
            "id": "/subscriptions/6965eb53-1efc-427c-90a5-b7f30f902d11/resourceGroups/CGI-Enterprise/providers/Microsoft.Network/loadBalancers/EnterpriseAppLoadBalancer",
            "location": "canadaeast",
            "name": "EnterpriseAppLoadBalancer",
            "private_ip_address": "",
            "private_ip_addresses": [],
            "resource_group_name": "CGI-Enterprise",
            "sku": "Standard",
            "sku_tier": "Regional",
            "tags": null,
            "timeouts": null
          },
          "sensitive_attributes": [],
          "private": "eyJlMmJmYjczMC1lY2FhLTExZTYtOGY4OC0zNDM2M2JjN2M0YzAiOnsiY3JlYXRlIjoxODAwMDAwMDAwMDAwLCJkZWxldGUiOjE4MDAwMDAwMDAwMDAsInJlYWQiOjMwMDAwMDAwMDAwMCwidXBkYXRlIjoxODAwMDAwMDAwMDAwfX0=",
          "dependencies": [
            "azurerm_public_ip.lb_ip",
            "azurerm_resource_group.enterprise_rg",
            "azurerm_virtual_network.enterprise_vnet"
          ]
        }
      ]
    },
    {
      "mode": "managed",
      "type": "azurerm_lb_backend_address_pool",
      "name": "app_lb_pool",
      "provider": "provider[\"registry.terraform.io/hashicorp/azurerm\"]",
      "instances": [
        {
          "schema_version": 0,
          "attributes": {
            "backend_ip_configurations": [],
            "id": "/subscriptions/6965eb53-1efc-427c-90a5-b7f30f902d11/resourceGroups/CGI-Enterprise/providers/Microsoft.Network/loadBalancers/EnterpriseAppLoadBalancer/backendAddressPools/AppLBBackendPool",
            "inbound_nat_rules": [],
            "load_balancing_rules": [],
            "loadbalancer_id": "/subscriptions/6965eb53-1efc-427c-90a5-b7f30f902d11/resourceGroups/CGI-Enterprise/providers/Microsoft.Network/loadBalancers/EnterpriseAppLoadBalancer",
            "name": "AppLBBackendPool",
            "outbound_rules": [],
            "synchronous_mode": "",
            "timeouts": null,
            "tunnel_interface": [],
            "virtual_network_id": ""
          },
          "sensitive_attributes": [],
          "private": "eyJlMmJmYjczMC1lY2FhLTExZTYtOGY4OC0zNDM2M2JjN2M0YzAiOnsiY3JlYXRlIjoxODAwMDAwMDAwMDAwLCJkZWxldGUiOjE4MDAwMDAwMDAwMDAsInJlYWQiOjMwMDAwMDAwMDAwMCwidXBkYXRlIjoxODAwMDAwMDAwMDAwfX0=",
          "dependencies": [
            "azurerm_lb.app_lb",
            "azurerm_public_ip.lb_ip",
            "azurerm_resource_group.enterprise_rg",
            "azurerm_virtual_network.enterprise_vnet"
          ]
        }
      ]
    },
    {
      "mode": "managed",
      "type": "azurerm_lb_probe",
      "name": "app_probe",
      "provider": "provider[\"registry.terraform.io/hashicorp/azurerm\"]",
      "instances": [
        {
          "schema_version": 0,
          "attributes": {
            "id": "/subscriptions/6965eb53-1efc-427c-90a5-b7f30f902d11/resourceGroups/CGI-Enterprise/providers/Microsoft.Network/loadBalancers/EnterpriseAppLoadBalancer/probes/http-probe",
            "interval_in_seconds": 15,
            "load_balancer_rules": [],
            "loadbalancer_id": "/subscriptions/6965eb53-1efc-427c-90a5-b7f30f902d11/resourceGroups/CGI-Enterprise/providers/Microsoft.Network/loadBalancers/EnterpriseAppLoadBalancer",
            "name": "http-probe",
            "number_of_probes": 2,
            "port": 80,
            "probe_threshold": 1,
            "protocol": "Http",
            "request_path": "/",
            "timeouts": null
          },
          "sensitive_attributes": [],
          "private": "eyJlMmJmYjczMC1lY2FhLTExZTYtOGY4OC0zNDM2M2JjN2M0YzAiOnsiY3JlYXRlIjoxODAwMDAwMDAwMDAwLCJkZWxldGUiOjE4MDAwMDAwMDAwMDAsInJlYWQiOjMwMDAwMDAwMDAwMCwidXBkYXRlIjoxODAwMDAwMDAwMDAwfX0=",
          "dependencies": [
            "azurerm_lb.app_lb",
            "azurerm_public_ip.lb_ip",
            "azurerm_resource_group.enterprise_rg",
            "azurerm_virtual_network.enterprise_vnet"
          ]
        }
      ]
    },
    {
      "mode": "managed",
      "type": "azurerm_lb_rule",
      "name": "http_rule",
      "provider": "provider[\"registry.terraform.io/hashicorp/azurerm\"]",
      "instances": [
        {
          "schema_version": 0,
          "attributes": {
            "backend_address_pool_ids": [
              "/subscriptions/6965eb53-1efc-427c-90a5-b7f30f902d11/resourceGroups/CGI-Enterprise/providers/Microsoft.Network/loadBalancers/EnterpriseAppLoadBalancer/backendAddressPools/AppLBBackendPool"
            ],
            "backend_port": 80,
            "disable_outbound_snat": false,
            "enable_floating_ip": false,
            "enable_tcp_reset": false,
            "frontend_ip_configuration_id": "/subscriptions/6965eb53-1efc-427c-90a5-b7f30f902d11/resourceGroups/CGI-Enterprise/providers/Microsoft.Network/loadBalancers/EnterpriseAppLoadBalancer/frontendIPConfigurations/app_lb_frontend",
            "frontend_ip_configuration_name": "app_lb_frontend",
            "frontend_port": 80,
            "id": "/subscriptions/6965eb53-1efc-427c-90a5-b7f30f902d11/resourceGroups/CGI-Enterprise/providers/Microsoft.Network/loadBalancers/EnterpriseAppLoadBalancer/loadBalancingRules/HttpRule",
            "idle_timeout_in_minutes": 4,
            "load_distribution": "Default",
            "loadbalancer_id": "/subscriptions/6965eb53-1efc-427c-90a5-b7f30f902d11/resourceGroups/CGI-Enterprise/providers/Microsoft.Network/loadBalancers/EnterpriseAppLoadBalancer",
            "name": "HttpRule",
            "probe_id": "/subscriptions/6965eb53-1efc-427c-90a5-b7f30f902d11/resourceGroups/CGI-Enterprise/providers/Microsoft.Network/loadBalancers/EnterpriseAppLoadBalancer/probes/http-probe",
            "protocol": "Tcp",
            "timeouts": null
          },
          "sensitive_attributes": [],
          "private": "eyJlMmJmYjczMC1lY2FhLTExZTYtOGY4OC0zNDM2M2JjN2M0YzAiOnsiY3JlYXRlIjoxODAwMDAwMDAwMDAwLCJkZWxldGUiOjE4MDAwMDAwMDAwMDAsInJlYWQiOjMwMDAwMDAwMDAwMCwidXBkYXRlIjoxODAwMDAwMDAwMDAwfX0=",
          "dependencies": [
            "azurerm_lb.app_lb",
            "azurerm_lb_backend_address_pool.app_lb_pool",
            "azurerm_lb_probe.app_probe",
            "azurerm_public_ip.lb_ip",
            "azurerm_resource_group.enterprise_rg",
            "azurerm_virtual_network.enterprise_vnet"
          ]
        }
      ]
    },
    {
      "mode": "managed",
      "type": "azurerm_lb_rule",
      "name": "https_rule",
      "provider": "provider[\"registry.terraform.io/hashicorp/azurerm\"]",
      "instances": [
        {
          "schema_version": 0,
          "attributes": {
            "backend_address_pool_ids": [
              "/subscriptions/6965eb53-1efc-427c-90a5-b7f30f902d11/resourceGroups/CGI-Enterprise/providers/Microsoft.Network/loadBalancers/EnterpriseAppLoadBalancer/backendAddressPools/AppLBBackendPool"
            ],
            "backend_port": 443,
            "disable_outbound_snat": false,
            "enable_floating_ip": false,
            "enable_tcp_reset": false,
            "frontend_ip_configuration_id": "/subscriptions/6965eb53-1efc-427c-90a5-b7f30f902d11/resourceGroups/CGI-Enterprise/providers/Microsoft.Network/loadBalancers/EnterpriseAppLoadBalancer/frontendIPConfigurations/app_lb_frontend",
            "frontend_ip_configuration_name": "app_lb_frontend",
            "frontend_port": 443,
            "id": "/subscriptions/6965eb53-1efc-427c-90a5-b7f30f902d11/resourceGroups/CGI-Enterprise/providers/Microsoft.Network/loadBalancers/EnterpriseAppLoadBalancer/loadBalancingRules/HttpsRule",
            "idle_timeout_in_minutes": 4,
            "load_distribution": "Default",
            "loadbalancer_id": "/subscriptions/6965eb53-1efc-427c-90a5-b7f30f902d11/resourceGroups/CGI-Enterprise/providers/Microsoft.Network/loadBalancers/EnterpriseAppLoadBalancer",
            "name": "HttpsRule",
            "probe_id": "/subscriptions/6965eb53-1efc-427c-90a5-b7f30f902d11/resourceGroups/CGI-Enterprise/providers/Microsoft.Network/loadBalancers/EnterpriseAppLoadBalancer/probes/http-probe",
            "protocol": "Tcp",
            "timeouts": null
          },
          "sensitive_attributes": [],
          "private": "eyJlMmJmYjczMC1lY2FhLTExZTYtOGY4OC0zNDM2M2JjN2M0YzAiOnsiY3JlYXRlIjoxODAwMDAwMDAwMDAwLCJkZWxldGUiOjE4MDAwMDAwMDAwMDAsInJlYWQiOjMwMDAwMDAwMDAwMCwidXBkYXRlIjoxODAwMDAwMDAwMDAwfX0=",
          "dependencies": [
            "azurerm_lb.app_lb",
            "azurerm_lb_backend_address_pool.app_lb_pool",
            "azurerm_lb_probe.app_probe",
            "azurerm_public_ip.lb_ip",
            "azurerm_resource_group.enterprise_rg",
            "azurerm_virtual_network.enterprise_vnet"
          ]
        }
      ]
    },
    {
      "mode": "managed",
      "type": "azurerm_monitor_action_group",
      "name": "action_group_lvl2",
      "provider": "provider[\"registry.terraform.io/hashicorp/azurerm\"]",
      "instances": [
        {
          "schema_version": 1,
          "attributes": {
            "arm_role_receiver": [],
            "automation_runbook_receiver": [],
            "azure_app_push_receiver": [],
            "azure_function_receiver": [],
            "email_receiver": [
              {
                "email_address": "salomon.lubin@cgi.com",
                "name": "admin",
                "use_common_alert_schema": false
              }
            ],
            "enabled": true,
            "event_hub_receiver": [],
            "id": "/subscriptions/6965eb53-1efc-427c-90a5-b7f30f902d11/resourceGroups/CGI-Enterprise/providers/Microsoft.Insights/actionGroups/actionGroup_lablvl2",
            "itsm_receiver": [],
            "location": "global",
            "logic_app_receiver": [],
            "name": "actionGroup_lablvl2",
            "resource_group_name": "CGI-Enterprise",
            "short_name": "lvl2",
            "sms_receiver": [],
            "tags": null,
            "timeouts": null,
            "voice_receiver": [],
            "webhook_receiver": []
          },
          "sensitive_attributes": [],
          "private": "eyJlMmJmYjczMC1lY2FhLTExZTYtOGY4OC0zNDM2M2JjN2M0YzAiOnsiY3JlYXRlIjoxODAwMDAwMDAwMDAwLCJkZWxldGUiOjE4MDAwMDAwMDAwMDAsInJlYWQiOjMwMDAwMDAwMDAwMCwidXBkYXRlIjoxODAwMDAwMDAwMDAwfSwic2NoZW1hX3ZlcnNpb24iOiIxIn0=",
          "dependencies": [
            "azurerm_resource_group.enterprise_rg"
          ]
        }
      ]
    },
    {
      "mode": "managed",
      "type": "azurerm_monitor_metric_alert",
      "name": "cpu_alert_app_vm",
      "provider": "provider[\"registry.terraform.io/hashicorp/azurerm\"]",
      "instances": [
        {
          "index_key": 0,
          "schema_version": 1,
          "attributes": {
            "action": [],
            "application_insights_web_test_location_availability_criteria": [],
            "auto_mitigate": true,
            "criteria": [
              {
                "aggregation": "Average",
                "dimension": [],
                "metric_name": "Percentage CPU",
                "metric_namespace": "Microsoft.Compute/virtualMachines",
                "operator": "GreaterThan",
                "skip_metric_validation": false,
                "threshold": 80
              }
            ],
            "description": "Alert when CPU usage exceeds 80% on App VMs",
            "dynamic_criteria": [],
            "enabled": true,
            "frequency": "PT1M",
            "id": "/subscriptions/6965eb53-1efc-427c-90a5-b7f30f902d11/resourceGroups/CGI-Enterprise/providers/Microsoft.Insights/metricAlerts/appvm-cpu-alert-1",
            "name": "appvm-cpu-alert-1",
            "resource_group_name": "CGI-Enterprise",
            "scopes": [
              "/subscriptions/6965eb53-1efc-427c-90a5-b7f30f902d11/resourceGroups/CGI-Enterprise/providers/Microsoft.Compute/virtualMachines/EntrpriseAppVM1"
            ],
            "severity": 3,
            "tags": null,
            "target_resource_location": "",
            "target_resource_type": "",
            "timeouts": null,
            "window_size": "PT5M"
          },
          "sensitive_attributes": [],
          "private": "eyJlMmJmYjczMC1lY2FhLTExZTYtOGY4OC0zNDM2M2JjN2M0YzAiOnsiY3JlYXRlIjoxODAwMDAwMDAwMDAwLCJkZWxldGUiOjE4MDAwMDAwMDAwMDAsInJlYWQiOjMwMDAwMDAwMDAwMCwidXBkYXRlIjoxODAwMDAwMDAwMDAwfSwic2NoZW1hX3ZlcnNpb24iOiIxIn0=",
          "dependencies": [
            "azurerm_key_vault.enterprise_vault",
            "azurerm_network_interface.app_nic",
            "azurerm_public_ip.app_vm_public_ip",
            "azurerm_public_ip.bastion_ip",
            "azurerm_resource_group.enterprise_rg",
            "azurerm_storage_account.enterprise_storage",
            "azurerm_subnet.app_subnet",
            "azurerm_virtual_network.enterprise_vnet",
            "azurerm_windows_virtual_machine.app_vm",
            "data.azurerm_client_config.current",
            "random_password.app_vm_password"
          ]
        },
        {
          "index_key": 1,
          "schema_version": 1,
          "attributes": {
            "action": [],
            "application_insights_web_test_location_availability_criteria": [],
            "auto_mitigate": true,
            "criteria": [
              {
                "aggregation": "Average",
                "dimension": [],
                "metric_name": "Percentage CPU",
                "metric_namespace": "Microsoft.Compute/virtualMachines",
                "operator": "GreaterThan",
                "skip_metric_validation": false,
                "threshold": 80
              }
            ],
            "description": "Alert when CPU usage exceeds 80% on App VMs",
            "dynamic_criteria": [],
            "enabled": true,
            "frequency": "PT1M",
            "id": "/subscriptions/6965eb53-1efc-427c-90a5-b7f30f902d11/resourceGroups/CGI-Enterprise/providers/Microsoft.Insights/metricAlerts/appvm-cpu-alert-2",
            "name": "appvm-cpu-alert-2",
            "resource_group_name": "CGI-Enterprise",
            "scopes": [
              "/subscriptions/6965eb53-1efc-427c-90a5-b7f30f902d11/resourceGroups/CGI-Enterprise/providers/Microsoft.Compute/virtualMachines/EntrpriseAppVM2"
            ],
            "severity": 3,
            "tags": null,
            "target_resource_location": "",
            "target_resource_type": "",
            "timeouts": null,
            "window_size": "PT5M"
          },
          "sensitive_attributes": [],
          "private": "eyJlMmJmYjczMC1lY2FhLTExZTYtOGY4OC0zNDM2M2JjN2M0YzAiOnsiY3JlYXRlIjoxODAwMDAwMDAwMDAwLCJkZWxldGUiOjE4MDAwMDAwMDAwMDAsInJlYWQiOjMwMDAwMDAwMDAwMCwidXBkYXRlIjoxODAwMDAwMDAwMDAwfSwic2NoZW1hX3ZlcnNpb24iOiIxIn0=",
          "dependencies": [
            "azurerm_key_vault.enterprise_vault",
            "azurerm_network_interface.app_nic",
            "azurerm_public_ip.app_vm_public_ip",
            "azurerm_public_ip.bastion_ip",
            "azurerm_resource_group.enterprise_rg",
            "azurerm_storage_account.enterprise_storage",
            "azurerm_subnet.app_subnet",
            "azurerm_virtual_network.enterprise_vnet",
            "azurerm_windows_virtual_machine.app_vm",
            "data.azurerm_client_config.current",
            "random_password.app_vm_password"
          ]
        }
      ]
    },
    {
      "mode": "managed",
      "type": "azurerm_monitor_metric_alert",
      "name": "cpu_alert_dbvm",
      "provider": "provider[\"registry.terraform.io/hashicorp/azurerm\"]",
      "instances": [
        {
          "schema_version": 1,
          "attributes": {
            "action": [],
            "application_insights_web_test_location_availability_criteria": [],
            "auto_mitigate": true,
            "criteria": [
              {
                "aggregation": "Average",
                "dimension": [],
                "metric_name": "Percentage CPU",
                "metric_namespace": "Microsoft.Compute/virtualMachines",
                "operator": "GreaterThan",
                "skip_metric_validation": false,
                "threshold": 80
              }
            ],
            "description": "Alert when CPU usage exceeds 80% on DB VM",
            "dynamic_criteria": [],
            "enabled": true,
            "frequency": "PT1M",
            "id": "/subscriptions/6965eb53-1efc-427c-90a5-b7f30f902d11/resourceGroups/CGI-Enterprise/providers/Microsoft.Insights/metricAlerts/dbvm-cpu-alert",
            "name": "dbvm-cpu-alert",
            "resource_group_name": "CGI-Enterprise",
            "scopes": [
              "/subscriptions/6965eb53-1efc-427c-90a5-b7f30f902d11/resourceGroups/CGI-Enterprise/providers/Microsoft.Compute/virtualMachines/EnterpriseDBVM"
            ],
            "severity": 3,
            "tags": null,
            "target_resource_location": "",
            "target_resource_type": "",
            "timeouts": null,
            "window_size": "PT5M"
          },
          "sensitive_attributes": [],
          "private": "eyJlMmJmYjczMC1lY2FhLTExZTYtOGY4OC0zNDM2M2JjN2M0YzAiOnsiY3JlYXRlIjoxODAwMDAwMDAwMDAwLCJkZWxldGUiOjE4MDAwMDAwMDAwMDAsInJlYWQiOjMwMDAwMDAwMDAwMCwidXBkYXRlIjoxODAwMDAwMDAwMDAwfSwic2NoZW1hX3ZlcnNpb24iOiIxIn0=",
          "dependencies": [
            "azurerm_network_interface.db_nic",
            "azurerm_resource_group.enterprise_rg",
            "azurerm_subnet.data_subnet",
            "azurerm_virtual_network.enterprise_vnet",
            "azurerm_windows_virtual_machine.db_vm",
            "random_password.db_vm_password"
          ]
        }
      ]
    },
    {
      "mode": "managed",
      "type": "azurerm_monitor_metric_alert",
      "name": "disk_io_alert_app_vm",
      "provider": "provider[\"registry.terraform.io/hashicorp/azurerm\"]",
      "instances": [
        {
          "index_key": 0,
          "schema_version": 1,
          "attributes": {
            "action": [],
            "application_insights_web_test_location_availability_criteria": [],
            "auto_mitigate": true,
            "criteria": [
              {
                "aggregation": "Total",
                "dimension": [],
                "metric_name": "Disk Write Bytes",
                "metric_namespace": "Microsoft.Compute/virtualMachines",
                "operator": "GreaterThan",
                "skip_metric_validation": false,
                "threshold": 100000000
              }
            ],
            "description": "Alert when Disk Bytes Read/Write exceed 100 MB on App VMs",
            "dynamic_criteria": [],
            "enabled": true,
            "frequency": "PT1M",
            "id": "/subscriptions/6965eb53-1efc-427c-90a5-b7f30f902d11/resourceGroups/CGI-Enterprise/providers/Microsoft.Insights/metricAlerts/appvm-disk-io-alert-1",
            "name": "appvm-disk-io-alert-1",
            "resource_group_name": "CGI-Enterprise",
            "scopes": [
              "/subscriptions/6965eb53-1efc-427c-90a5-b7f30f902d11/resourceGroups/CGI-Enterprise/providers/Microsoft.Compute/virtualMachines/EntrpriseAppVM1"
            ],
            "severity": 3,
            "tags": null,
            "target_resource_location": "",
            "target_resource_type": "",
            "timeouts": null,
            "window_size": "PT5M"
          },
          "sensitive_attributes": [],
          "private": "eyJlMmJmYjczMC1lY2FhLTExZTYtOGY4OC0zNDM2M2JjN2M0YzAiOnsiY3JlYXRlIjoxODAwMDAwMDAwMDAwLCJkZWxldGUiOjE4MDAwMDAwMDAwMDAsInJlYWQiOjMwMDAwMDAwMDAwMCwidXBkYXRlIjoxODAwMDAwMDAwMDAwfSwic2NoZW1hX3ZlcnNpb24iOiIxIn0=",
          "dependencies": [
            "azurerm_key_vault.enterprise_vault",
            "azurerm_network_interface.app_nic",
            "azurerm_public_ip.app_vm_public_ip",
            "azurerm_public_ip.bastion_ip",
            "azurerm_resource_group.enterprise_rg",
            "azurerm_storage_account.enterprise_storage",
            "azurerm_subnet.app_subnet",
            "azurerm_virtual_network.enterprise_vnet",
            "azurerm_windows_virtual_machine.app_vm",
            "data.azurerm_client_config.current",
            "random_password.app_vm_password"
          ]
        },
        {
          "index_key": 1,
          "schema_version": 1,
          "attributes": {
            "action": [],
            "application_insights_web_test_location_availability_criteria": [],
            "auto_mitigate": true,
            "criteria": [
              {
                "aggregation": "Total",
                "dimension": [],
                "metric_name": "Disk Write Bytes",
                "metric_namespace": "Microsoft.Compute/virtualMachines",
                "operator": "GreaterThan",
                "skip_metric_validation": false,
                "threshold": 100000000
              }
            ],
            "description": "Alert when Disk Bytes Read/Write exceed 100 MB on App VMs",
            "dynamic_criteria": [],
            "enabled": true,
            "frequency": "PT1M",
            "id": "/subscriptions/6965eb53-1efc-427c-90a5-b7f30f902d11/resourceGroups/CGI-Enterprise/providers/Microsoft.Insights/metricAlerts/appvm-disk-io-alert-2",
            "name": "appvm-disk-io-alert-2",
            "resource_group_name": "CGI-Enterprise",
            "scopes": [
              "/subscriptions/6965eb53-1efc-427c-90a5-b7f30f902d11/resourceGroups/CGI-Enterprise/providers/Microsoft.Compute/virtualMachines/EntrpriseAppVM2"
            ],
            "severity": 3,
            "tags": null,
            "target_resource_location": "",
            "target_resource_type": "",
            "timeouts": null,
            "window_size": "PT5M"
          },
          "sensitive_attributes": [],
          "private": "eyJlMmJmYjczMC1lY2FhLTExZTYtOGY4OC0zNDM2M2JjN2M0YzAiOnsiY3JlYXRlIjoxODAwMDAwMDAwMDAwLCJkZWxldGUiOjE4MDAwMDAwMDAwMDAsInJlYWQiOjMwMDAwMDAwMDAwMCwidXBkYXRlIjoxODAwMDAwMDAwMDAwfSwic2NoZW1hX3ZlcnNpb24iOiIxIn0=",
          "dependencies": [
            "azurerm_key_vault.enterprise_vault",
            "azurerm_network_interface.app_nic",
            "azurerm_public_ip.app_vm_public_ip",
            "azurerm_public_ip.bastion_ip",
            "azurerm_resource_group.enterprise_rg",
            "azurerm_storage_account.enterprise_storage",
            "azurerm_subnet.app_subnet",
            "azurerm_virtual_network.enterprise_vnet",
            "azurerm_windows_virtual_machine.app_vm",
            "data.azurerm_client_config.current",
            "random_password.app_vm_password"
          ]
        }
      ]
    },
    {
      "mode": "managed",
      "type": "azurerm_monitor_metric_alert",
      "name": "disk_io_alert_dbvm",
      "provider": "provider[\"registry.terraform.io/hashicorp/azurerm\"]",
      "instances": [
        {
          "schema_version": 1,
          "attributes": {
            "action": [],
            "application_insights_web_test_location_availability_criteria": [],
            "auto_mitigate": true,
            "criteria": [
              {
                "aggregation": "Total",
                "dimension": [],
                "metric_name": "Disk Write Bytes",
                "metric_namespace": "Microsoft.Compute/virtualMachines",
                "operator": "GreaterThan",
                "skip_metric_validation": false,
                "threshold": 100000000
              }
            ],
            "description": "Alert when Disk Bytes Read/Write exceed 100 MB on DB VM",
            "dynamic_criteria": [],
            "enabled": true,
            "frequency": "PT1M",
            "id": "/subscriptions/6965eb53-1efc-427c-90a5-b7f30f902d11/resourceGroups/CGI-Enterprise/providers/Microsoft.Insights/metricAlerts/dbvm-disk-io-alert",
            "name": "dbvm-disk-io-alert",
            "resource_group_name": "CGI-Enterprise",
            "scopes": [
              "/subscriptions/6965eb53-1efc-427c-90a5-b7f30f902d11/resourceGroups/CGI-Enterprise/providers/Microsoft.Compute/virtualMachines/EnterpriseDBVM"
            ],
            "severity": 3,
            "tags": null,
            "target_resource_location": "",
            "target_resource_type": "",
            "timeouts": null,
            "window_size": "PT5M"
          },
          "sensitive_attributes": [],
          "private": "eyJlMmJmYjczMC1lY2FhLTExZTYtOGY4OC0zNDM2M2JjN2M0YzAiOnsiY3JlYXRlIjoxODAwMDAwMDAwMDAwLCJkZWxldGUiOjE4MDAwMDAwMDAwMDAsInJlYWQiOjMwMDAwMDAwMDAwMCwidXBkYXRlIjoxODAwMDAwMDAwMDAwfSwic2NoZW1hX3ZlcnNpb24iOiIxIn0=",
          "dependencies": [
            "azurerm_network_interface.db_nic",
            "azurerm_resource_group.enterprise_rg",
            "azurerm_subnet.data_subnet",
            "azurerm_virtual_network.enterprise_vnet",
            "azurerm_windows_virtual_machine.db_vm",
            "random_password.db_vm_password"
          ]
        }
      ]
    },
    {
      "mode": "managed",
      "type": "azurerm_monitor_metric_alert",
      "name": "memory_alert_app_vm",
      "provider": "provider[\"registry.terraform.io/hashicorp/azurerm\"]",
      "instances": [
        {
          "index_key": 0,
          "schema_version": 1,
          "attributes": {
            "action": [],
            "application_insights_web_test_location_availability_criteria": [],
            "auto_mitigate": true,
            "criteria": [
              {
                "aggregation": "Average",
                "dimension": [],
                "metric_name": "Available Memory Bytes",
                "metric_namespace": "Microsoft.Compute/virtualMachines",
                "operator": "LessThan",
                "skip_metric_validation": false,
                "threshold": 500000000
              }
            ],
            "description": "Alert when Available Memory falls below 500 MB on App VMs",
            "dynamic_criteria": [],
            "enabled": true,
            "frequency": "PT1M",
            "id": "/subscriptions/6965eb53-1efc-427c-90a5-b7f30f902d11/resourceGroups/CGI-Enterprise/providers/Microsoft.Insights/metricAlerts/appvm-memory-alert-1",
            "name": "appvm-memory-alert-1",
            "resource_group_name": "CGI-Enterprise",
            "scopes": [
              "/subscriptions/6965eb53-1efc-427c-90a5-b7f30f902d11/resourceGroups/CGI-Enterprise/providers/Microsoft.Compute/virtualMachines/EntrpriseAppVM1"
            ],
            "severity": 3,
            "tags": null,
            "target_resource_location": "",
            "target_resource_type": "",
            "timeouts": null,
            "window_size": "PT5M"
          },
          "sensitive_attributes": [],
          "private": "eyJlMmJmYjczMC1lY2FhLTExZTYtOGY4OC0zNDM2M2JjN2M0YzAiOnsiY3JlYXRlIjoxODAwMDAwMDAwMDAwLCJkZWxldGUiOjE4MDAwMDAwMDAwMDAsInJlYWQiOjMwMDAwMDAwMDAwMCwidXBkYXRlIjoxODAwMDAwMDAwMDAwfSwic2NoZW1hX3ZlcnNpb24iOiIxIn0=",
          "dependencies": [
            "azurerm_key_vault.enterprise_vault",
            "azurerm_network_interface.app_nic",
            "azurerm_public_ip.app_vm_public_ip",
            "azurerm_public_ip.bastion_ip",
            "azurerm_resource_group.enterprise_rg",
            "azurerm_storage_account.enterprise_storage",
            "azurerm_subnet.app_subnet",
            "azurerm_virtual_network.enterprise_vnet",
            "azurerm_windows_virtual_machine.app_vm",
            "data.azurerm_client_config.current",
            "random_password.app_vm_password"
          ]
        },
        {
          "index_key": 1,
          "schema_version": 1,
          "attributes": {
            "action": [],
            "application_insights_web_test_location_availability_criteria": [],
            "auto_mitigate": true,
            "criteria": [
              {
                "aggregation": "Average",
                "dimension": [],
                "metric_name": "Available Memory Bytes",
                "metric_namespace": "Microsoft.Compute/virtualMachines",
                "operator": "LessThan",
                "skip_metric_validation": false,
                "threshold": 500000000
              }
            ],
            "description": "Alert when Available Memory falls below 500 MB on App VMs",
            "dynamic_criteria": [],
            "enabled": true,
            "frequency": "PT1M",
            "id": "/subscriptions/6965eb53-1efc-427c-90a5-b7f30f902d11/resourceGroups/CGI-Enterprise/providers/Microsoft.Insights/metricAlerts/appvm-memory-alert-2",
            "name": "appvm-memory-alert-2",
            "resource_group_name": "CGI-Enterprise",
            "scopes": [
              "/subscriptions/6965eb53-1efc-427c-90a5-b7f30f902d11/resourceGroups/CGI-Enterprise/providers/Microsoft.Compute/virtualMachines/EntrpriseAppVM2"
            ],
            "severity": 3,
            "tags": null,
            "target_resource_location": "",
            "target_resource_type": "",
            "timeouts": null,
            "window_size": "PT5M"
          },
          "sensitive_attributes": [],
          "private": "eyJlMmJmYjczMC1lY2FhLTExZTYtOGY4OC0zNDM2M2JjN2M0YzAiOnsiY3JlYXRlIjoxODAwMDAwMDAwMDAwLCJkZWxldGUiOjE4MDAwMDAwMDAwMDAsInJlYWQiOjMwMDAwMDAwMDAwMCwidXBkYXRlIjoxODAwMDAwMDAwMDAwfSwic2NoZW1hX3ZlcnNpb24iOiIxIn0=",
          "dependencies": [
            "azurerm_key_vault.enterprise_vault",
            "azurerm_network_interface.app_nic",
            "azurerm_public_ip.app_vm_public_ip",
            "azurerm_public_ip.bastion_ip",
            "azurerm_resource_group.enterprise_rg",
            "azurerm_storage_account.enterprise_storage",
            "azurerm_subnet.app_subnet",
            "azurerm_virtual_network.enterprise_vnet",
            "azurerm_windows_virtual_machine.app_vm",
            "data.azurerm_client_config.current",
            "random_password.app_vm_password"
          ]
        }
      ]
    },
    {
      "mode": "managed",
      "type": "azurerm_monitor_metric_alert",
      "name": "memory_alert_dbvm",
      "provider": "provider[\"registry.terraform.io/hashicorp/azurerm\"]",
      "instances": [
        {
          "schema_version": 1,
          "attributes": {
            "action": [],
            "application_insights_web_test_location_availability_criteria": [],
            "auto_mitigate": true,
            "criteria": [
              {
                "aggregation": "Average",
                "dimension": [],
                "metric_name": "Available Memory Bytes",
                "metric_namespace": "Microsoft.Compute/virtualMachines",
                "operator": "LessThan",
                "skip_metric_validation": false,
                "threshold": 500000000
              }
            ],
            "description": "Alert when Available Memory falls below 500 MB on DB VM",
            "dynamic_criteria": [],
            "enabled": true,
            "frequency": "PT1M",
            "id": "/subscriptions/6965eb53-1efc-427c-90a5-b7f30f902d11/resourceGroups/CGI-Enterprise/providers/Microsoft.Insights/metricAlerts/dbvm-memory-alert",
            "name": "dbvm-memory-alert",
            "resource_group_name": "CGI-Enterprise",
            "scopes": [
              "/subscriptions/6965eb53-1efc-427c-90a5-b7f30f902d11/resourceGroups/CGI-Enterprise/providers/Microsoft.Compute/virtualMachines/EnterpriseDBVM"
            ],
            "severity": 3,
            "tags": null,
            "target_resource_location": "",
            "target_resource_type": "",
            "timeouts": null,
            "window_size": "PT5M"
          },
          "sensitive_attributes": [],
          "private": "eyJlMmJmYjczMC1lY2FhLTExZTYtOGY4OC0zNDM2M2JjN2M0YzAiOnsiY3JlYXRlIjoxODAwMDAwMDAwMDAwLCJkZWxldGUiOjE4MDAwMDAwMDAwMDAsInJlYWQiOjMwMDAwMDAwMDAwMCwidXBkYXRlIjoxODAwMDAwMDAwMDAwfSwic2NoZW1hX3ZlcnNpb24iOiIxIn0=",
          "dependencies": [
            "azurerm_network_interface.db_nic",
            "azurerm_resource_group.enterprise_rg",
            "azurerm_subnet.data_subnet",
            "azurerm_virtual_network.enterprise_vnet",
            "azurerm_windows_virtual_machine.db_vm",
            "random_password.db_vm_password"
          ]
        }
      ]
    },
    {
      "mode": "managed",
      "type": "azurerm_network_interface",
      "name": "app_nic",
      "provider": "provider[\"registry.terraform.io/hashicorp/azurerm\"]",
      "instances": [
        {
          "index_key": 0,
          "schema_version": 0,
          "attributes": {
            "accelerated_networking_enabled": false,
            "applied_dns_servers": [],
            "auxiliary_mode": "",
            "auxiliary_sku": "",
            "dns_servers": null,
            "edge_zone": "",
            "id": "/subscriptions/6965eb53-1efc-427c-90a5-b7f30f902d11/resourceGroups/CGI-Enterprise/providers/Microsoft.Network/networkInterfaces/app-nic-1",
            "internal_dns_name_label": "",
            "internal_domain_name_suffix": "p2nh40ur03kejhm2z2nlgx2vwb.vx.internal.cloudapp.net",
            "ip_configuration": [
              {
                "gateway_load_balancer_frontend_ip_configuration_id": "",
                "name": "internal",
                "primary": true,
                "private_ip_address": "10.1.1.5",
                "private_ip_address_allocation": "Dynamic",
                "private_ip_address_version": "IPv4",
                "public_ip_address_id": "/subscriptions/6965eb53-1efc-427c-90a5-b7f30f902d11/resourceGroups/CGI-Enterprise/providers/Microsoft.Network/publicIPAddresses/app-vm-public-ip-1",
                "subnet_id": "/subscriptions/6965eb53-1efc-427c-90a5-b7f30f902d11/resourceGroups/CGI-Enterprise/providers/Microsoft.Network/virtualNetworks/CGIEnterpriseVNet/subnets/AppSubnet"
              }
            ],
            "ip_forwarding_enabled": false,
            "location": "canadaeast",
            "mac_address": "",
            "name": "app-nic-1",
            "private_ip_address": "10.1.1.5",
            "private_ip_addresses": [
              "10.1.1.5"
            ],
            "resource_group_name": "CGI-Enterprise",
            "tags": null,
            "timeouts": null,
            "virtual_machine_id": ""
          },
          "sensitive_attributes": [],
          "private": "eyJlMmJmYjczMC1lY2FhLTExZTYtOGY4OC0zNDM2M2JjN2M0YzAiOnsiY3JlYXRlIjoxODAwMDAwMDAwMDAwLCJkZWxldGUiOjE4MDAwMDAwMDAwMDAsInJlYWQiOjMwMDAwMDAwMDAwMCwidXBkYXRlIjoxODAwMDAwMDAwMDAwfX0=",
          "dependencies": [
            "azurerm_public_ip.app_vm_public_ip",
            "azurerm_resource_group.enterprise_rg",
            "azurerm_subnet.app_subnet",
            "azurerm_virtual_network.enterprise_vnet"
          ]
        },
        {
          "index_key": 1,
          "schema_version": 0,
          "attributes": {
            "accelerated_networking_enabled": false,
            "applied_dns_servers": [],
            "auxiliary_mode": "",
            "auxiliary_sku": "",
            "dns_servers": null,
            "edge_zone": "",
            "id": "/subscriptions/6965eb53-1efc-427c-90a5-b7f30f902d11/resourceGroups/CGI-Enterprise/providers/Microsoft.Network/networkInterfaces/app-nic-2",
            "internal_dns_name_label": "",
            "internal_domain_name_suffix": "p2nh40ur03kejhm2z2nlgx2vwb.vx.internal.cloudapp.net",
            "ip_configuration": [
              {
                "gateway_load_balancer_frontend_ip_configuration_id": "",
                "name": "internal",
                "primary": true,
                "private_ip_address": "10.1.1.4",
                "private_ip_address_allocation": "Dynamic",
                "private_ip_address_version": "IPv4",
                "public_ip_address_id": "/subscriptions/6965eb53-1efc-427c-90a5-b7f30f902d11/resourceGroups/CGI-Enterprise/providers/Microsoft.Network/publicIPAddresses/app-vm-public-ip-2",
                "subnet_id": "/subscriptions/6965eb53-1efc-427c-90a5-b7f30f902d11/resourceGroups/CGI-Enterprise/providers/Microsoft.Network/virtualNetworks/CGIEnterpriseVNet/subnets/AppSubnet"
              }
            ],
            "ip_forwarding_enabled": false,
            "location": "canadaeast",
            "mac_address": "",
            "name": "app-nic-2",
            "private_ip_address": "10.1.1.4",
            "private_ip_addresses": [
              "10.1.1.4"
            ],
            "resource_group_name": "CGI-Enterprise",
            "tags": null,
            "timeouts": null,
            "virtual_machine_id": ""
          },
          "sensitive_attributes": [],
          "private": "eyJlMmJmYjczMC1lY2FhLTExZTYtOGY4OC0zNDM2M2JjN2M0YzAiOnsiY3JlYXRlIjoxODAwMDAwMDAwMDAwLCJkZWxldGUiOjE4MDAwMDAwMDAwMDAsInJlYWQiOjMwMDAwMDAwMDAwMCwidXBkYXRlIjoxODAwMDAwMDAwMDAwfX0=",
          "dependencies": [
            "azurerm_public_ip.app_vm_public_ip",
            "azurerm_resource_group.enterprise_rg",
            "azurerm_subnet.app_subnet",
            "azurerm_virtual_network.enterprise_vnet"
          ]
        }
      ]
    },
    {
      "mode": "managed",
      "type": "azurerm_network_interface",
      "name": "db_nic",
      "provider": "provider[\"registry.terraform.io/hashicorp/azurerm\"]",
      "instances": [
        {
          "schema_version": 0,
          "attributes": {
            "accelerated_networking_enabled": false,
            "applied_dns_servers": [],
            "auxiliary_mode": "",
            "auxiliary_sku": "",
            "dns_servers": null,
            "edge_zone": "",
            "id": "/subscriptions/6965eb53-1efc-427c-90a5-b7f30f902d11/resourceGroups/CGI-Enterprise/providers/Microsoft.Network/networkInterfaces/db-nic",
            "internal_dns_name_label": "",
            "internal_domain_name_suffix": "p2nh40ur03kejhm2z2nlgx2vwb.vx.internal.cloudapp.net",
            "ip_configuration": [
              {
                "gateway_load_balancer_frontend_ip_configuration_id": "",
                "name": "internal",
                "primary": true,
                "private_ip_address": "10.1.2.4",
                "private_ip_address_allocation": "Dynamic",
                "private_ip_address_version": "IPv4",
                "public_ip_address_id": "",
                "subnet_id": "/subscriptions/6965eb53-1efc-427c-90a5-b7f30f902d11/resourceGroups/CGI-Enterprise/providers/Microsoft.Network/virtualNetworks/CGIEnterpriseVNet/subnets/DataSubnet"
              }
            ],
            "ip_forwarding_enabled": false,
            "location": "canadaeast",
            "mac_address": "",
            "name": "db-nic",
            "private_ip_address": "10.1.2.4",
            "private_ip_addresses": [
              "10.1.2.4"
            ],
            "resource_group_name": "CGI-Enterprise",
            "tags": null,
            "timeouts": null,
            "virtual_machine_id": ""
          },
          "sensitive_attributes": [],
          "private": "eyJlMmJmYjczMC1lY2FhLTExZTYtOGY4OC0zNDM2M2JjN2M0YzAiOnsiY3JlYXRlIjoxODAwMDAwMDAwMDAwLCJkZWxldGUiOjE4MDAwMDAwMDAwMDAsInJlYWQiOjMwMDAwMDAwMDAwMCwidXBkYXRlIjoxODAwMDAwMDAwMDAwfX0=",
          "dependencies": [
            "azurerm_resource_group.enterprise_rg",
            "azurerm_subnet.data_subnet",
            "azurerm_virtual_network.enterprise_vnet"
          ]
        }
      ]
    },
    {
      "mode": "managed",
      "type": "azurerm_network_interface_backend_address_pool_association",
      "name": "app_nic_lb_association",
      "provider": "provider[\"registry.terraform.io/hashicorp/azurerm\"]",
      "instances": [
        {
          "index_key": 0,
          "schema_version": 0,
          "attributes": {
            "backend_address_pool_id": "/subscriptions/6965eb53-1efc-427c-90a5-b7f30f902d11/resourceGroups/CGI-Enterprise/providers/Microsoft.Network/loadBalancers/EnterpriseAppLoadBalancer/backendAddressPools/AppLBBackendPool",
            "id": "/subscriptions/6965eb53-1efc-427c-90a5-b7f30f902d11/resourceGroups/CGI-Enterprise/providers/Microsoft.Network/networkInterfaces/app-nic-1/ipConfigurations/internal|/subscriptions/6965eb53-1efc-427c-90a5-b7f30f902d11/resourceGroups/CGI-Enterprise/providers/Microsoft.Network/loadBalancers/EnterpriseAppLoadBalancer/backendAddressPools/AppLBBackendPool",
            "ip_configuration_name": "internal",
            "network_interface_id": "/subscriptions/6965eb53-1efc-427c-90a5-b7f30f902d11/resourceGroups/CGI-Enterprise/providers/Microsoft.Network/networkInterfaces/app-nic-1",
            "timeouts": null
          },
          "sensitive_attributes": [],
          "private": "eyJlMmJmYjczMC1lY2FhLTExZTYtOGY4OC0zNDM2M2JjN2M0YzAiOnsiY3JlYXRlIjoxODAwMDAwMDAwMDAwLCJkZWxldGUiOjE4MDAwMDAwMDAwMDAsInJlYWQiOjMwMDAwMDAwMDAwMH19",
          "dependencies": [
            "azurerm_lb.app_lb",
            "azurerm_lb_backend_address_pool.app_lb_pool",
            "azurerm_network_interface.app_nic",
            "azurerm_public_ip.app_vm_public_ip",
            "azurerm_public_ip.lb_ip",
            "azurerm_resource_group.enterprise_rg",
            "azurerm_subnet.app_subnet",
            "azurerm_virtual_network.enterprise_vnet"
          ]
        },
        {
          "index_key": 1,
          "schema_version": 0,
          "attributes": {
            "backend_address_pool_id": "/subscriptions/6965eb53-1efc-427c-90a5-b7f30f902d11/resourceGroups/CGI-Enterprise/providers/Microsoft.Network/loadBalancers/EnterpriseAppLoadBalancer/backendAddressPools/AppLBBackendPool",
            "id": "/subscriptions/6965eb53-1efc-427c-90a5-b7f30f902d11/resourceGroups/CGI-Enterprise/providers/Microsoft.Network/networkInterfaces/app-nic-2/ipConfigurations/internal|/subscriptions/6965eb53-1efc-427c-90a5-b7f30f902d11/resourceGroups/CGI-Enterprise/providers/Microsoft.Network/loadBalancers/EnterpriseAppLoadBalancer/backendAddressPools/AppLBBackendPool",
            "ip_configuration_name": "internal",
            "network_interface_id": "/subscriptions/6965eb53-1efc-427c-90a5-b7f30f902d11/resourceGroups/CGI-Enterprise/providers/Microsoft.Network/networkInterfaces/app-nic-2",
            "timeouts": null
          },
          "sensitive_attributes": [],
          "private": "eyJlMmJmYjczMC1lY2FhLTExZTYtOGY4OC0zNDM2M2JjN2M0YzAiOnsiY3JlYXRlIjoxODAwMDAwMDAwMDAwLCJkZWxldGUiOjE4MDAwMDAwMDAwMDAsInJlYWQiOjMwMDAwMDAwMDAwMH19",
          "dependencies": [
            "azurerm_lb.app_lb",
            "azurerm_lb_backend_address_pool.app_lb_pool",
            "azurerm_network_interface.app_nic",
            "azurerm_public_ip.app_vm_public_ip",
            "azurerm_public_ip.lb_ip",
            "azurerm_resource_group.enterprise_rg",
            "azurerm_subnet.app_subnet",
            "azurerm_virtual_network.enterprise_vnet"
          ]
        }
      ]
    },
    {
      "mode": "managed",
      "type": "azurerm_network_security_group",
      "name": "app_nsg",
      "provider": "provider[\"registry.terraform.io/hashicorp/azurerm\"]",
      "instances": [
        {
          "schema_version": 0,
          "attributes": {
            "id": "/subscriptions/6965eb53-1efc-427c-90a5-b7f30f902d11/resourceGroups/CGI-Enterprise/providers/Microsoft.Network/networkSecurityGroups/app-nsg",
            "location": "canadaeast",
            "name": "app-nsg",
            "resource_group_name": "CGI-Enterprise",
            "security_rule": [
              {
                "access": "Allow",
                "description": "",
                "destination_address_prefix": "*",
                "destination_address_prefixes": [],
                "destination_application_security_group_ids": [],
                "destination_port_range": "3389",
                "destination_port_ranges": [],
                "direction": "Inbound",
                "name": "allow-rdp",
                "priority": 100,
                "protocol": "Tcp",
                "source_address_prefix": "",
                "source_address_prefixes": [
                  "165.225.212.248"
                ],
                "source_application_security_group_ids": [],
                "source_port_range": "*",
                "source_port_ranges": []
              },
              {
                "access": "Allow",
                "description": "",
                "destination_address_prefix": "*",
                "destination_address_prefixes": [],
                "destination_application_security_group_ids": [],
                "destination_port_range": "80",
                "destination_port_ranges": [],
                "direction": "Inbound",
                "name": "allow-http",
                "priority": 110,
                "protocol": "Tcp",
                "source_address_prefix": "*",
                "source_address_prefixes": [],
                "source_application_security_group_ids": [],
                "source_port_range": "*",
                "source_port_ranges": []
              }
            ],
            "tags": null,
            "timeouts": null
          },
          "sensitive_attributes": [],
          "private": "eyJlMmJmYjczMC1lY2FhLTExZTYtOGY4OC0zNDM2M2JjN2M0YzAiOnsiY3JlYXRlIjoxODAwMDAwMDAwMDAwLCJkZWxldGUiOjE4MDAwMDAwMDAwMDAsInJlYWQiOjMwMDAwMDAwMDAwMCwidXBkYXRlIjoxODAwMDAwMDAwMDAwfX0=",
          "dependencies": [
            "azurerm_resource_group.enterprise_rg",
            "azurerm_subnet.app_subnet",
            "azurerm_subnet.data_subnet",
            "azurerm_virtual_network.enterprise_vnet"
          ]
        }
      ]
    },
    {
      "mode": "managed",
      "type": "azurerm_network_security_group",
      "name": "data_nsg",
      "provider": "provider[\"registry.terraform.io/hashicorp/azurerm\"]",
      "instances": [
        {
          "schema_version": 0,
          "attributes": {
            "id": "/subscriptions/6965eb53-1efc-427c-90a5-b7f30f902d11/resourceGroups/CGI-Enterprise/providers/Microsoft.Network/networkSecurityGroups/data-nsg",
            "location": "canadaeast",
            "name": "data-nsg",
            "resource_group_name": "CGI-Enterprise",
            "security_rule": [
              {
                "access": "Allow",
                "description": "",
                "destination_address_prefix": "*",
                "destination_address_prefixes": [],
                "destination_application_security_group_ids": [],
                "destination_port_range": "1433",
                "destination_port_ranges": [],
                "direction": "Inbound",
                "name": "allow-sql",
                "priority": 100,
                "protocol": "Tcp",
                "source_address_prefix": "10.1.1.0/24",
                "source_address_prefixes": [],
                "source_application_security_group_ids": [],
                "source_port_range": "*",
                "source_port_ranges": []
              }
            ],
            "tags": null,
            "timeouts": null
          },
          "sensitive_attributes": [],
          "private": "eyJlMmJmYjczMC1lY2FhLTExZTYtOGY4OC0zNDM2M2JjN2M0YzAiOnsiY3JlYXRlIjoxODAwMDAwMDAwMDAwLCJkZWxldGUiOjE4MDAwMDAwMDAwMDAsInJlYWQiOjMwMDAwMDAwMDAwMCwidXBkYXRlIjoxODAwMDAwMDAwMDAwfX0=",
          "dependencies": [
            "azurerm_resource_group.enterprise_rg"
          ]
        }
      ]
    },
    {
      "mode": "managed",
      "type": "azurerm_public_ip",
      "name": "app_vm_public_ip",
      "provider": "provider[\"registry.terraform.io/hashicorp/azurerm\"]",
      "instances": [
        {
          "index_key": 0,
          "schema_version": 0,
          "attributes": {
            "allocation_method": "Static",
            "ddos_protection_mode": "VirtualNetworkInherited",
            "ddos_protection_plan_id": null,
            "domain_name_label": null,
            "edge_zone": "",
            "fqdn": null,
            "id": "/subscriptions/6965eb53-1efc-427c-90a5-b7f30f902d11/resourceGroups/CGI-Enterprise/providers/Microsoft.Network/publicIPAddresses/app-vm-public-ip-1",
            "idle_timeout_in_minutes": 4,
            "ip_address": "4.239.110.199",
            "ip_tags": null,
            "ip_version": "IPv4",
            "location": "canadaeast",
            "name": "app-vm-public-ip-1",
            "public_ip_prefix_id": null,
            "resource_group_name": "CGI-Enterprise",
            "reverse_fqdn": null,
            "sku": "Standard",
            "sku_tier": "Regional",
            "tags": null,
            "timeouts": null,
            "zones": null
          },
          "sensitive_attributes": [],
          "private": "eyJlMmJmYjczMC1lY2FhLTExZTYtOGY4OC0zNDM2M2JjN2M0YzAiOnsiY3JlYXRlIjoxODAwMDAwMDAwMDAwLCJkZWxldGUiOjE4MDAwMDAwMDAwMDAsInJlYWQiOjMwMDAwMDAwMDAwMCwidXBkYXRlIjoxODAwMDAwMDAwMDAwfX0=",
          "dependencies": [
            "azurerm_resource_group.enterprise_rg"
          ]
        },
        {
          "index_key": 1,
          "schema_version": 0,
          "attributes": {
            "allocation_method": "Static",
            "ddos_protection_mode": "VirtualNetworkInherited",
            "ddos_protection_plan_id": null,
            "domain_name_label": null,
            "edge_zone": "",
            "fqdn": null,
            "id": "/subscriptions/6965eb53-1efc-427c-90a5-b7f30f902d11/resourceGroups/CGI-Enterprise/providers/Microsoft.Network/publicIPAddresses/app-vm-public-ip-2",
            "idle_timeout_in_minutes": 4,
            "ip_address": "4.248.63.253",
            "ip_tags": null,
            "ip_version": "IPv4",
            "location": "canadaeast",
            "name": "app-vm-public-ip-2",
            "public_ip_prefix_id": null,
            "resource_group_name": "CGI-Enterprise",
            "reverse_fqdn": null,
            "sku": "Standard",
            "sku_tier": "Regional",
            "tags": null,
            "timeouts": null,
            "zones": null
          },
          "sensitive_attributes": [],
          "private": "eyJlMmJmYjczMC1lY2FhLTExZTYtOGY4OC0zNDM2M2JjN2M0YzAiOnsiY3JlYXRlIjoxODAwMDAwMDAwMDAwLCJkZWxldGUiOjE4MDAwMDAwMDAwMDAsInJlYWQiOjMwMDAwMDAwMDAwMCwidXBkYXRlIjoxODAwMDAwMDAwMDAwfX0=",
          "dependencies": [
            "azurerm_resource_group.enterprise_rg"
          ]
        }
      ]
    },
    {
      "mode": "managed",
      "type": "azurerm_public_ip",
      "name": "bastion_ip",
      "provider": "provider[\"registry.terraform.io/hashicorp/azurerm\"]",
      "instances": [
        {
          "schema_version": 0,
          "attributes": {
            "allocation_method": "Static",
            "ddos_protection_mode": "VirtualNetworkInherited",
            "ddos_protection_plan_id": null,
            "domain_name_label": null,
            "edge_zone": "",
            "fqdn": null,
            "id": "/subscriptions/6965eb53-1efc-427c-90a5-b7f30f902d11/resourceGroups/CGI-Enterprise/providers/Microsoft.Network/publicIPAddresses/bastion-ip",
            "idle_timeout_in_minutes": 4,
            "ip_address": "4.239.104.176",
            "ip_tags": null,
            "ip_version": "IPv4",
            "location": "canadaeast",
            "name": "bastion-ip",
            "public_ip_prefix_id": null,
            "resource_group_name": "CGI-Enterprise",
            "reverse_fqdn": null,
            "sku": "Standard",
            "sku_tier": "Regional",
            "tags": null,
            "timeouts": null,
            "zones": null
          },
          "sensitive_attributes": [],
          "private": "eyJlMmJmYjczMC1lY2FhLTExZTYtOGY4OC0zNDM2M2JjN2M0YzAiOnsiY3JlYXRlIjoxODAwMDAwMDAwMDAwLCJkZWxldGUiOjE4MDAwMDAwMDAwMDAsInJlYWQiOjMwMDAwMDAwMDAwMCwidXBkYXRlIjoxODAwMDAwMDAwMDAwfX0=",
          "dependencies": [
            "azurerm_resource_group.enterprise_rg"
          ]
        }
      ]
    },
    {
      "mode": "managed",
      "type": "azurerm_public_ip",
      "name": "lb_ip",
      "provider": "provider[\"registry.terraform.io/hashicorp/azurerm\"]",
      "instances": [
        {
          "schema_version": 0,
          "attributes": {
            "allocation_method": "Static",
            "ddos_protection_mode": "VirtualNetworkInherited",
            "ddos_protection_plan_id": null,
            "domain_name_label": null,
            "edge_zone": "",
            "fqdn": null,
            "id": "/subscriptions/6965eb53-1efc-427c-90a5-b7f30f902d11/resourceGroups/CGI-Enterprise/providers/Microsoft.Network/publicIPAddresses/lb-public-ip",
            "idle_timeout_in_minutes": 4,
            "ip_address": "4.239.106.23",
            "ip_tags": null,
            "ip_version": "IPv4",
            "location": "canadaeast",
            "name": "lb-public-ip",
            "public_ip_prefix_id": null,
            "resource_group_name": "CGI-Enterprise",
            "reverse_fqdn": null,
            "sku": "Standard",
            "sku_tier": "Regional",
            "tags": null,
            "timeouts": null,
            "zones": null
          },
          "sensitive_attributes": [],
          "private": "eyJlMmJmYjczMC1lY2FhLTExZTYtOGY4OC0zNDM2M2JjN2M0YzAiOnsiY3JlYXRlIjoxODAwMDAwMDAwMDAwLCJkZWxldGUiOjE4MDAwMDAwMDAwMDAsInJlYWQiOjMwMDAwMDAwMDAwMCwidXBkYXRlIjoxODAwMDAwMDAwMDAwfX0=",
          "dependencies": [
            "azurerm_resource_group.enterprise_rg"
          ]
        }
      ]
    },
    {
      "mode": "managed",
      "type": "azurerm_resource_group",
      "name": "enterprise_rg",
      "provider": "provider[\"registry.terraform.io/hashicorp/azurerm\"]",
      "instances": [
        {
          "schema_version": 0,
          "attributes": {
            "id": "/subscriptions/6965eb53-1efc-427c-90a5-b7f30f902d11/resourceGroups/CGI-Enterprise",
            "location": "canadaeast",
            "managed_by": "",
            "name": "CGI-Enterprise",
            "tags": null,
            "timeouts": null
          },
          "sensitive_attributes": [],
          "private": "eyJlMmJmYjczMC1lY2FhLTExZTYtOGY4OC0zNDM2M2JjN2M0YzAiOnsiY3JlYXRlIjo1NDAwMDAwMDAwMDAwLCJkZWxldGUiOjU0MDAwMDAwMDAwMDAsInJlYWQiOjMwMDAwMDAwMDAwMCwidXBkYXRlIjo1NDAwMDAwMDAwMDAwfX0="
        }
      ]
    },
    {
      "mode": "managed",
      "type": "azurerm_storage_account",
      "name": "enterprise_storage",
      "provider": "provider[\"registry.terraform.io/hashicorp/azurerm\"]",
      "instances": [
        {
          "schema_version": 4,
          "attributes": {
            "access_tier": "Hot",
            "account_kind": "StorageV2",
            "account_replication_type": "GRS",
            "account_tier": "Standard",
            "allow_nested_items_to_be_public": true,
            "allowed_copy_scope": "",
            "azure_files_authentication": [],
            "blob_properties": [
              {
                "change_feed_enabled": false,
                "change_feed_retention_in_days": 0,
                "container_delete_retention_policy": [],
                "cors_rule": [],
                "default_service_version": "",
                "delete_retention_policy": [],
                "last_access_time_enabled": false,
                "restore_policy": [],
                "versioning_enabled": false
              }
            ],
            "cross_tenant_replication_enabled": false,
            "custom_domain": [],
            "customer_managed_key": [],
            "default_to_oauth_authentication": false,
            "dns_endpoint_type": "Standard",
            "edge_zone": "",
            "https_traffic_only_enabled": true,
            "id": "/subscriptions/6965eb53-1efc-427c-90a5-b7f30f902d11/resourceGroups/CGI-Enterprise/providers/Microsoft.Storage/storageAccounts/cgienterprisestorage",
            "identity": [],
            "immutability_policy": [],
            "infrastructure_encryption_enabled": false,
            "is_hns_enabled": false,
            "large_file_share_enabled": false,
            "local_user_enabled": true,
            "location": "canadaeast",
            "min_tls_version": "TLS1_2",
            "name": "cgienterprisestorage",
            "network_rules": [],
            "nfsv3_enabled": false,
            "primary_access_key": "qME8N5qnzU2kJYMqiHRpTngcWo0BfmOlSwPbNuQ9uNyzFnOE0sMP28oXPfCfkzXSu/p6rIsWPLxG+AStNw9s/g==",
            "primary_blob_connection_string": "DefaultEndpointsProtocol=https;BlobEndpoint=https://cgienterprisestorage.blob.core.windows.net/;AccountName=cgienterprisestorage;AccountKey=qME8N5qnzU2kJYMqiHRpTngcWo0BfmOlSwPbNuQ9uNyzFnOE0sMP28oXPfCfkzXSu/p6rIsWPLxG+AStNw9s/g==",
            "primary_blob_endpoint": "https://cgienterprisestorage.blob.core.windows.net/",
            "primary_blob_host": "cgienterprisestorage.blob.core.windows.net",
            "primary_blob_internet_endpoint": "",
            "primary_blob_internet_host": "",
            "primary_blob_microsoft_endpoint": "",
            "primary_blob_microsoft_host": "",
            "primary_connection_string": "DefaultEndpointsProtocol=https;AccountName=cgienterprisestorage;AccountKey=qME8N5qnzU2kJYMqiHRpTngcWo0BfmOlSwPbNuQ9uNyzFnOE0sMP28oXPfCfkzXSu/p6rIsWPLxG+AStNw9s/g==;EndpointSuffix=core.windows.net",
            "primary_dfs_endpoint": "https://cgienterprisestorage.dfs.core.windows.net/",
            "primary_dfs_host": "cgienterprisestorage.dfs.core.windows.net",
            "primary_dfs_internet_endpoint": "",
            "primary_dfs_internet_host": "",
            "primary_dfs_microsoft_endpoint": "",
            "primary_dfs_microsoft_host": "",
            "primary_file_endpoint": "https://cgienterprisestorage.file.core.windows.net/",
            "primary_file_host": "cgienterprisestorage.file.core.windows.net",
            "primary_file_internet_endpoint": "",
            "primary_file_internet_host": "",
            "primary_file_microsoft_endpoint": "",
            "primary_file_microsoft_host": "",
            "primary_location": "canadaeast",
            "primary_queue_endpoint": "https://cgienterprisestorage.queue.core.windows.net/",
            "primary_queue_host": "cgienterprisestorage.queue.core.windows.net",
            "primary_queue_microsoft_endpoint": "",
            "primary_queue_microsoft_host": "",
            "primary_table_endpoint": "https://cgienterprisestorage.table.core.windows.net/",
            "primary_table_host": "cgienterprisestorage.table.core.windows.net",
            "primary_table_microsoft_endpoint": "",
            "primary_table_microsoft_host": "",
            "primary_web_endpoint": "https://cgienterprisestorage.z27.web.core.windows.net/",
            "primary_web_host": "cgienterprisestorage.z27.web.core.windows.net",
            "primary_web_internet_endpoint": "",
            "primary_web_internet_host": "",
            "primary_web_microsoft_endpoint": "",
            "primary_web_microsoft_host": "",
            "public_network_access_enabled": true,
            "queue_encryption_key_type": "Service",
            "queue_properties": [
              {
                "cors_rule": [],
                "hour_metrics": [
                  {
                    "enabled": true,
                    "include_apis": true,
                    "retention_policy_days": 7,
                    "version": "1.0"
                  }
                ],
                "logging": [
                  {
                    "delete": false,
                    "read": false,
                    "retention_policy_days": 0,
                    "version": "1.0",
                    "write": false
                  }
                ],
                "minute_metrics": [
                  {
                    "enabled": false,
                    "include_apis": false,
                    "retention_policy_days": 0,
                    "version": "1.0"
                  }
                ]
              }
            ],
            "resource_group_name": "CGI-Enterprise",
            "routing": [],
            "sas_policy": [],
            "secondary_access_key": "YHC/OXPp2QLLdNUcNiGzfLRQ4rJYcJ8ucQfKPt9YLJWKY3X/YlbS5cmhZ40yFFCHSpoORAJcFwPu+AStH057Fg==",
            "secondary_blob_connection_string": "",
            "secondary_blob_endpoint": "",
            "secondary_blob_host": "",
            "secondary_blob_internet_endpoint": "",
            "secondary_blob_internet_host": "",
            "secondary_blob_microsoft_endpoint": "",
            "secondary_blob_microsoft_host": "",
            "secondary_connection_string": "DefaultEndpointsProtocol=https;AccountName=cgienterprisestorage;AccountKey=YHC/OXPp2QLLdNUcNiGzfLRQ4rJYcJ8ucQfKPt9YLJWKY3X/YlbS5cmhZ40yFFCHSpoORAJcFwPu+AStH057Fg==;EndpointSuffix=core.windows.net",
            "secondary_dfs_endpoint": "",
            "secondary_dfs_host": "",
            "secondary_dfs_internet_endpoint": "",
            "secondary_dfs_internet_host": "",
            "secondary_dfs_microsoft_endpoint": "",
            "secondary_dfs_microsoft_host": "",
            "secondary_file_endpoint": "",
            "secondary_file_host": "",
            "secondary_file_internet_endpoint": "",
            "secondary_file_internet_host": "",
            "secondary_file_microsoft_endpoint": "",
            "secondary_file_microsoft_host": "",
            "secondary_location": "canadacentral",
            "secondary_queue_endpoint": "",
            "secondary_queue_host": "",
            "secondary_queue_microsoft_endpoint": "",
            "secondary_queue_microsoft_host": "",
            "secondary_table_endpoint": "",
            "secondary_table_host": "",
            "secondary_table_microsoft_endpoint": "",
            "secondary_table_microsoft_host": "",
            "secondary_web_endpoint": "",
            "secondary_web_host": "",
            "secondary_web_internet_endpoint": "",
            "secondary_web_internet_host": "",
            "secondary_web_microsoft_endpoint": "",
            "secondary_web_microsoft_host": "",
            "sftp_enabled": false,
            "share_properties": [
              {
                "cors_rule": [],
                "retention_policy": [
                  {
                    "days": 7
                  }
                ],
                "smb": []
              }
            ],
            "shared_access_key_enabled": true,
            "static_website": [],
            "table_encryption_key_type": "Service",
            "tags": null,
            "timeouts": null
          },
          "sensitive_attributes": [
            [
              {
                "type": "get_attr",
                "value": "secondary_access_key"
              }
            ],
            [
              {
                "type": "get_attr",
                "value": "primary_connection_string"
              }
            ],
            [
              {
                "type": "get_attr",
                "value": "primary_access_key"
              }
            ],
            [
              {
                "type": "get_attr",
                "value": "secondary_blob_connection_string"
              }
            ],
            [
              {
                "type": "get_attr",
                "value": "secondary_connection_string"
              }
            ],
            [
              {
                "type": "get_attr",
                "value": "primary_blob_connection_string"
              }
            ]
          ],
          "private": "eyJlMmJmYjczMC1lY2FhLTExZTYtOGY4OC0zNDM2M2JjN2M0YzAiOnsiY3JlYXRlIjozNjAwMDAwMDAwMDAwLCJkZWxldGUiOjM2MDAwMDAwMDAwMDAsInJlYWQiOjMwMDAwMDAwMDAwMCwidXBkYXRlIjozNjAwMDAwMDAwMDAwfSwic2NoZW1hX3ZlcnNpb24iOiI0In0=",
          "dependencies": [
            "azurerm_resource_group.enterprise_rg",
            "azurerm_virtual_network.enterprise_vnet"
          ]
        }
      ]
    },
    {
      "mode": "managed",
      "type": "azurerm_storage_blob",
      "name": "data_blob",
      "provider": "provider[\"registry.terraform.io/hashicorp/azurerm\"]",
      "instances": [
        {
          "schema_version": 1,
          "attributes": {
            "access_tier": "Hot",
            "cache_control": "",
            "content_md5": "",
            "content_type": "application/octet-stream",
            "encryption_scope": "",
            "id": "https://cgienterprisestorage.blob.core.windows.net/enterprise-data/initial-config.json",
            "metadata": {},
            "name": "initial-config.json",
            "parallelism": 8,
            "size": 0,
            "source": "C:/Users/salomon.lubin/Desktop/level2lab/Terraform/initial-config.json",
            "source_content": null,
            "source_uri": null,
            "storage_account_name": "cgienterprisestorage",
            "storage_container_name": "enterprise-data",
            "timeouts": null,
            "type": "Block",
            "url": "https://cgienterprisestorage.blob.core.windows.net/enterprise-data/initial-config.json"
          },
          "sensitive_attributes": [],
          "private": "eyJlMmJmYjczMC1lY2FhLTExZTYtOGY4OC0zNDM2M2JjN2M0YzAiOnsiY3JlYXRlIjoxODAwMDAwMDAwMDAwLCJkZWxldGUiOjE4MDAwMDAwMDAwMDAsInJlYWQiOjMwMDAwMDAwMDAwMCwidXBkYXRlIjoxODAwMDAwMDAwMDAwfSwic2NoZW1hX3ZlcnNpb24iOiIxIn0=",
          "dependencies": [
            "azurerm_resource_group.enterprise_rg",
            "azurerm_storage_account.enterprise_storage",
            "azurerm_storage_container.data_container",
            "azurerm_virtual_network.enterprise_vnet"
          ]
        }
      ]
    },
    {
      "mode": "managed",
      "type": "azurerm_storage_container",
      "name": "data_container",
      "provider": "provider[\"registry.terraform.io/hashicorp/azurerm\"]",
      "instances": [
        {
          "schema_version": 1,
          "attributes": {
            "container_access_type": "private",
            "default_encryption_scope": "$account-encryption-key",
            "encryption_scope_override_enabled": true,
            "has_immutability_policy": false,
            "has_legal_hold": false,
            "id": "https://cgienterprisestorage.blob.core.windows.net/enterprise-data",
            "metadata": {},
            "name": "enterprise-data",
            "resource_manager_id": "/subscriptions/6965eb53-1efc-427c-90a5-b7f30f902d11/resourceGroups/CGI-Enterprise/providers/Microsoft.Storage/storageAccounts/cgienterprisestorage/blobServices/default/containers/enterprise-data",
            "storage_account_name": "cgienterprisestorage",
            "timeouts": null
          },
          "sensitive_attributes": [],
          "private": "eyJlMmJmYjczMC1lY2FhLTExZTYtOGY4OC0zNDM2M2JjN2M0YzAiOnsiY3JlYXRlIjoxODAwMDAwMDAwMDAwLCJkZWxldGUiOjE4MDAwMDAwMDAwMDAsInJlYWQiOjMwMDAwMDAwMDAwMCwidXBkYXRlIjoxODAwMDAwMDAwMDAwfSwic2NoZW1hX3ZlcnNpb24iOiIxIn0=",
          "dependencies": [
            "azurerm_resource_group.enterprise_rg",
            "azurerm_storage_account.enterprise_storage",
            "azurerm_virtual_network.enterprise_vnet"
          ]
        }
      ]
    },
    {
      "mode": "managed",
      "type": "azurerm_subnet",
      "name": "app_subnet",
      "provider": "provider[\"registry.terraform.io/hashicorp/azurerm\"]",
      "instances": [
        {
          "schema_version": 0,
          "attributes": {
            "address_prefixes": [
              "10.1.1.0/24"
            ],
            "default_outbound_access_enabled": true,
            "delegation": [],
            "id": "/subscriptions/6965eb53-1efc-427c-90a5-b7f30f902d11/resourceGroups/CGI-Enterprise/providers/Microsoft.Network/virtualNetworks/CGIEnterpriseVNet/subnets/AppSubnet",
            "name": "AppSubnet",
            "private_endpoint_network_policies": "Disabled",
            "private_link_service_network_policies_enabled": true,
            "resource_group_name": "CGI-Enterprise",
            "service_endpoint_policy_ids": null,
            "service_endpoints": null,
            "timeouts": null,
            "virtual_network_name": "CGIEnterpriseVNet"
          },
          "sensitive_attributes": [],
          "private": "eyJlMmJmYjczMC1lY2FhLTExZTYtOGY4OC0zNDM2M2JjN2M0YzAiOnsiY3JlYXRlIjoxODAwMDAwMDAwMDAwLCJkZWxldGUiOjE4MDAwMDAwMDAwMDAsInJlYWQiOjMwMDAwMDAwMDAwMCwidXBkYXRlIjoxODAwMDAwMDAwMDAwfX0=",
          "dependencies": [
            "azurerm_resource_group.enterprise_rg",
            "azurerm_virtual_network.enterprise_vnet"
          ]
        }
      ]
    },
    {
      "mode": "managed",
      "type": "azurerm_subnet",
      "name": "bastion_subnet",
      "provider": "provider[\"registry.terraform.io/hashicorp/azurerm\"]",
      "instances": [
        {
          "schema_version": 0,
          "attributes": {
            "address_prefixes": [
              "10.1.3.0/24"
            ],
            "default_outbound_access_enabled": true,
            "delegation": [],
            "id": "/subscriptions/6965eb53-1efc-427c-90a5-b7f30f902d11/resourceGroups/CGI-Enterprise/providers/Microsoft.Network/virtualNetworks/CGIEnterpriseVNet/subnets/AzureBastionSubnet",
            "name": "AzureBastionSubnet",
            "private_endpoint_network_policies": "Disabled",
            "private_link_service_network_policies_enabled": true,
            "resource_group_name": "CGI-Enterprise",
            "service_endpoint_policy_ids": null,
            "service_endpoints": null,
            "timeouts": null,
            "virtual_network_name": "CGIEnterpriseVNet"
          },
          "sensitive_attributes": [],
          "private": "eyJlMmJmYjczMC1lY2FhLTExZTYtOGY4OC0zNDM2M2JjN2M0YzAiOnsiY3JlYXRlIjoxODAwMDAwMDAwMDAwLCJkZWxldGUiOjE4MDAwMDAwMDAwMDAsInJlYWQiOjMwMDAwMDAwMDAwMCwidXBkYXRlIjoxODAwMDAwMDAwMDAwfX0=",
          "dependencies": [
            "azurerm_resource_group.enterprise_rg",
            "azurerm_virtual_network.enterprise_vnet"
          ]
        }
      ]
    },
    {
      "mode": "managed",
      "type": "azurerm_subnet",
      "name": "data_subnet",
      "provider": "provider[\"registry.terraform.io/hashicorp/azurerm\"]",
      "instances": [
        {
          "schema_version": 0,
          "attributes": {
            "address_prefixes": [
              "10.1.2.0/24"
            ],
            "default_outbound_access_enabled": true,
            "delegation": [],
            "id": "/subscriptions/6965eb53-1efc-427c-90a5-b7f30f902d11/resourceGroups/CGI-Enterprise/providers/Microsoft.Network/virtualNetworks/CGIEnterpriseVNet/subnets/DataSubnet",
            "name": "DataSubnet",
            "private_endpoint_network_policies": "Disabled",
            "private_link_service_network_policies_enabled": true,
            "resource_group_name": "CGI-Enterprise",
            "service_endpoint_policy_ids": null,
            "service_endpoints": null,
            "timeouts": null,
            "virtual_network_name": "CGIEnterpriseVNet"
          },
          "sensitive_attributes": [],
          "private": "eyJlMmJmYjczMC1lY2FhLTExZTYtOGY4OC0zNDM2M2JjN2M0YzAiOnsiY3JlYXRlIjoxODAwMDAwMDAwMDAwLCJkZWxldGUiOjE4MDAwMDAwMDAwMDAsInJlYWQiOjMwMDAwMDAwMDAwMCwidXBkYXRlIjoxODAwMDAwMDAwMDAwfX0=",
          "dependencies": [
            "azurerm_resource_group.enterprise_rg",
            "azurerm_virtual_network.enterprise_vnet"
          ]
        }
      ]
    },
    {
      "mode": "managed",
      "type": "azurerm_subnet_network_security_group_association",
      "name": "app_nsg_association",
      "provider": "provider[\"registry.terraform.io/hashicorp/azurerm\"]",
      "instances": [
        {
          "schema_version": 0,
          "attributes": {
            "id": "/subscriptions/6965eb53-1efc-427c-90a5-b7f30f902d11/resourceGroups/CGI-Enterprise/providers/Microsoft.Network/virtualNetworks/CGIEnterpriseVNet/subnets/AppSubnet",
            "network_security_group_id": "/subscriptions/6965eb53-1efc-427c-90a5-b7f30f902d11/resourceGroups/CGI-Enterprise/providers/Microsoft.Network/networkSecurityGroups/app-nsg",
            "subnet_id": "/subscriptions/6965eb53-1efc-427c-90a5-b7f30f902d11/resourceGroups/CGI-Enterprise/providers/Microsoft.Network/virtualNetworks/CGIEnterpriseVNet/subnets/AppSubnet",
            "timeouts": null
          },
          "sensitive_attributes": [],
          "private": "eyJlMmJmYjczMC1lY2FhLTExZTYtOGY4OC0zNDM2M2JjN2M0YzAiOnsiY3JlYXRlIjoxODAwMDAwMDAwMDAwLCJkZWxldGUiOjE4MDAwMDAwMDAwMDAsInJlYWQiOjMwMDAwMDAwMDAwMH19",
          "dependencies": [
            "azurerm_network_security_group.app_nsg",
            "azurerm_resource_group.enterprise_rg",
            "azurerm_subnet.app_subnet",
            "azurerm_subnet.data_subnet",
            "azurerm_virtual_network.enterprise_vnet"
          ]
        }
      ]
    },
    {
      "mode": "managed",
      "type": "azurerm_subnet_network_security_group_association",
      "name": "data_nsg_association",
      "provider": "provider[\"registry.terraform.io/hashicorp/azurerm\"]",
      "instances": [
        {
          "schema_version": 0,
          "attributes": {
            "id": "/subscriptions/6965eb53-1efc-427c-90a5-b7f30f902d11/resourceGroups/CGI-Enterprise/providers/Microsoft.Network/virtualNetworks/CGIEnterpriseVNet/subnets/DataSubnet",
            "network_security_group_id": "/subscriptions/6965eb53-1efc-427c-90a5-b7f30f902d11/resourceGroups/CGI-Enterprise/providers/Microsoft.Network/networkSecurityGroups/data-nsg",
            "subnet_id": "/subscriptions/6965eb53-1efc-427c-90a5-b7f30f902d11/resourceGroups/CGI-Enterprise/providers/Microsoft.Network/virtualNetworks/CGIEnterpriseVNet/subnets/DataSubnet",
            "timeouts": null
          },
          "sensitive_attributes": [],
          "private": "eyJlMmJmYjczMC1lY2FhLTExZTYtOGY4OC0zNDM2M2JjN2M0YzAiOnsiY3JlYXRlIjoxODAwMDAwMDAwMDAwLCJkZWxldGUiOjE4MDAwMDAwMDAwMDAsInJlYWQiOjMwMDAwMDAwMDAwMH19",
          "dependencies": [
            "azurerm_network_security_group.data_nsg",
            "azurerm_resource_group.enterprise_rg",
            "azurerm_subnet.data_subnet",
            "azurerm_virtual_network.enterprise_vnet"
          ]
        }
      ]
    },
    {
      "mode": "managed",
      "type": "azurerm_virtual_machine_extension",
      "name": "app_vm_extension",
      "provider": "provider[\"registry.terraform.io/hashicorp/azurerm\"]",
      "instances": [
        {
          "index_key": 0,
          "schema_version": 0,
          "attributes": {
            "auto_upgrade_minor_version": false,
            "automatic_upgrade_enabled": false,
            "failure_suppression_enabled": false,
            "id": "/subscriptions/6965eb53-1efc-427c-90a5-b7f30f902d11/resourceGroups/CGI-Enterprise/providers/Microsoft.Compute/virtualMachines/EntrpriseAppVM1/extensions/IISSetup1",
            "name": "IISSetup1",
            "protected_settings": null,
            "protected_settings_from_key_vault": [],
            "provision_after_extensions": null,
            "publisher": "Microsoft.Compute",
            "settings": "{\"commandToExecute\":\"powershell.exe -ExecutionPolicy Unrestricted -Command \\\"Install-WindowsFeature -Name Web-Server -IncludeAllSubFeature -IncludeManagementTools\"}",
            "tags": null,
            "timeouts": null,
            "type": "CustomScriptExtension",
            "type_handler_version": "1.10",
            "virtual_machine_id": "/subscriptions/6965eb53-1efc-427c-90a5-b7f30f902d11/resourceGroups/CGI-Enterprise/providers/Microsoft.Compute/virtualMachines/EntrpriseAppVM1"
          },
          "sensitive_attributes": [
            [
              {
                "type": "get_attr",
                "value": "protected_settings"
              }
            ]
          ],
          "private": "eyJlMmJmYjczMC1lY2FhLTExZTYtOGY4OC0zNDM2M2JjN2M0YzAiOnsiY3JlYXRlIjoxODAwMDAwMDAwMDAwLCJkZWxldGUiOjE4MDAwMDAwMDAwMDAsInJlYWQiOjMwMDAwMDAwMDAwMCwidXBkYXRlIjoxODAwMDAwMDAwMDAwfX0=",
          "dependencies": [
            "azurerm_key_vault.enterprise_vault",
            "azurerm_network_interface.app_nic",
            "azurerm_public_ip.app_vm_public_ip",
            "azurerm_public_ip.bastion_ip",
            "azurerm_resource_group.enterprise_rg",
            "azurerm_storage_account.enterprise_storage",
            "azurerm_subnet.app_subnet",
            "azurerm_virtual_network.enterprise_vnet",
            "azurerm_windows_virtual_machine.app_vm",
            "data.azurerm_client_config.current",
            "random_password.app_vm_password"
          ]
        },
        {
          "index_key": 1,
          "schema_version": 0,
          "attributes": {
            "auto_upgrade_minor_version": false,
            "automatic_upgrade_enabled": false,
            "failure_suppression_enabled": false,
            "id": "/subscriptions/6965eb53-1efc-427c-90a5-b7f30f902d11/resourceGroups/CGI-Enterprise/providers/Microsoft.Compute/virtualMachines/EntrpriseAppVM2/extensions/IISSetup2",
            "name": "IISSetup2",
            "protected_settings": null,
            "protected_settings_from_key_vault": [],
            "provision_after_extensions": null,
            "publisher": "Microsoft.Compute",
            "settings": "{\"commandToExecute\":\"powershell.exe -ExecutionPolicy Unrestricted -Command \\\"Install-WindowsFeature -Name Web-Server -IncludeAllSubFeature -IncludeManagementTools\"}",
            "tags": null,
            "timeouts": null,
            "type": "CustomScriptExtension",
            "type_handler_version": "1.10",
            "virtual_machine_id": "/subscriptions/6965eb53-1efc-427c-90a5-b7f30f902d11/resourceGroups/CGI-Enterprise/providers/Microsoft.Compute/virtualMachines/EntrpriseAppVM2"
          },
          "sensitive_attributes": [
            [
              {
                "type": "get_attr",
                "value": "protected_settings"
              }
            ]
          ],
          "private": "eyJlMmJmYjczMC1lY2FhLTExZTYtOGY4OC0zNDM2M2JjN2M0YzAiOnsiY3JlYXRlIjoxODAwMDAwMDAwMDAwLCJkZWxldGUiOjE4MDAwMDAwMDAwMDAsInJlYWQiOjMwMDAwMDAwMDAwMCwidXBkYXRlIjoxODAwMDAwMDAwMDAwfX0=",
          "dependencies": [
            "azurerm_key_vault.enterprise_vault",
            "azurerm_network_interface.app_nic",
            "azurerm_public_ip.app_vm_public_ip",
            "azurerm_public_ip.bastion_ip",
            "azurerm_resource_group.enterprise_rg",
            "azurerm_storage_account.enterprise_storage",
            "azurerm_subnet.app_subnet",
            "azurerm_virtual_network.enterprise_vnet",
            "azurerm_windows_virtual_machine.app_vm",
            "data.azurerm_client_config.current",
            "random_password.app_vm_password"
          ]
        }
      ]
    },
    {
      "mode": "managed",
      "type": "azurerm_virtual_network",
      "name": "enterprise_vnet",
      "provider": "provider[\"registry.terraform.io/hashicorp/azurerm\"]",
      "instances": [
        {
          "schema_version": 0,
          "attributes": {
            "address_space": [
              "10.1.0.0/16"
            ],
            "bgp_community": "",
            "ddos_protection_plan": [],
            "dns_servers": [],
            "edge_zone": "",
            "encryption": [],
            "flow_timeout_in_minutes": 0,
            "guid": "6a7f1a7f-d791-4454-9d9c-cf1ab35f95b1",
            "id": "/subscriptions/6965eb53-1efc-427c-90a5-b7f30f902d11/resourceGroups/CGI-Enterprise/providers/Microsoft.Network/virtualNetworks/CGIEnterpriseVNet",
            "location": "canadaeast",
            "name": "CGIEnterpriseVNet",
            "resource_group_name": "CGI-Enterprise",
            "subnet": [],
            "tags": null,
            "timeouts": null
          },
          "sensitive_attributes": [],
          "private": "eyJlMmJmYjczMC1lY2FhLTExZTYtOGY4OC0zNDM2M2JjN2M0YzAiOnsiY3JlYXRlIjoxODAwMDAwMDAwMDAwLCJkZWxldGUiOjE4MDAwMDAwMDAwMDAsInJlYWQiOjMwMDAwMDAwMDAwMCwidXBkYXRlIjoxODAwMDAwMDAwMDAwfX0=",
          "dependencies": [
            "azurerm_resource_group.enterprise_rg"
          ]
        }
      ]
    },
    {
      "mode": "managed",
      "type": "azurerm_windows_virtual_machine",
      "name": "app_vm",
      "provider": "provider[\"registry.terraform.io/hashicorp/azurerm\"]",
      "instances": [
        {
          "index_key": 0,
          "schema_version": 0,
          "attributes": {
            "additional_capabilities": [],
            "additional_unattend_content": [],
            "admin_password": "nblP2DWCFQMTbYtD",
            "admin_username": "adminuser",
            "allow_extension_operations": true,
            "availability_set_id": "",
            "boot_diagnostics": [],
            "bypass_platform_safety_checks_on_user_schedule_enabled": false,
            "capacity_reservation_group_id": "",
            "computer_name": "EntrpriseAppVM1",
            "custom_data": null,
            "dedicated_host_group_id": "",
            "dedicated_host_id": "",
            "disk_controller_type": "",
            "edge_zone": "",
            "enable_automatic_updates": true,
            "encryption_at_host_enabled": false,
            "eviction_policy": "",
            "extensions_time_budget": "PT1H30M",
            "gallery_application": [],
            "hotpatching_enabled": false,
            "id": "/subscriptions/6965eb53-1efc-427c-90a5-b7f30f902d11/resourceGroups/CGI-Enterprise/providers/Microsoft.Compute/virtualMachines/EntrpriseAppVM1",
            "identity": [
              {
                "identity_ids": null,
                "principal_id": "d46cd5a5-31da-4c77-b694-a85c8e51a50a",
                "tenant_id": "b9fec68c-c92d-461e-9a97-3d03a0f18b82",
                "type": "SystemAssigned"
              }
            ],
            "license_type": "",
            "location": "canadaeast",
            "max_bid_price": -1,
            "name": "EntrpriseAppVM1",
            "network_interface_ids": [
              "/subscriptions/6965eb53-1efc-427c-90a5-b7f30f902d11/resourceGroups/CGI-Enterprise/providers/Microsoft.Network/networkInterfaces/app-nic-1"
            ],
            "os_disk": [
              {
                "caching": "ReadWrite",
                "diff_disk_settings": [],
                "disk_encryption_set_id": "",
                "disk_size_gb": 127,
                "name": "EntrpriseAppVM1_OsDisk_1_0730078530f64b69831a0da87f196b69",
                "secure_vm_disk_encryption_set_id": "",
                "security_encryption_type": "",
                "storage_account_type": "Premium_LRS",
                "write_accelerator_enabled": false
              }
            ],
            "os_image_notification": [],
            "patch_assessment_mode": "ImageDefault",
            "patch_mode": "AutomaticByOS",
            "plan": [],
            "platform_fault_domain": -1,
            "priority": "Regular",
            "private_ip_address": "10.1.1.5",
            "private_ip_addresses": [
              "10.1.1.5"
            ],
            "provision_vm_agent": true,
            "proximity_placement_group_id": "",
            "public_ip_address": "4.239.110.199",
            "public_ip_addresses": [
              "4.239.110.199"
            ],
            "reboot_setting": "",
            "resource_group_name": "CGI-Enterprise",
            "secret": [],
            "secure_boot_enabled": false,
            "size": "Standard_D2s_v3",
            "source_image_id": "",
            "source_image_reference": [
              {
                "offer": "WindowsServer",
                "publisher": "MicrosoftWindowsServer",
                "sku": "2019-Datacenter",
                "version": "latest"
              }
            ],
            "tags": null,
            "termination_notification": null,
            "timeouts": null,
            "timezone": "",
            "user_data": "",
            "virtual_machine_id": "e9a0ae78-ddc0-418d-8f5a-0ee84292d66b",
            "virtual_machine_scale_set_id": "",
            "vm_agent_platform_updates_enabled": false,
            "vtpm_enabled": false,
            "winrm_listener": [],
            "zone": ""
          },
          "sensitive_attributes": [
            [
              {
                "type": "get_attr",
                "value": "custom_data"
              }
            ],
            [
              {
                "type": "get_attr",
                "value": "admin_password"
              }
            ]
          ],
          "private": "eyJlMmJmYjczMC1lY2FhLTExZTYtOGY4OC0zNDM2M2JjN2M0YzAiOnsiY3JlYXRlIjoyNzAwMDAwMDAwMDAwLCJkZWxldGUiOjI3MDAwMDAwMDAwMDAsInJlYWQiOjMwMDAwMDAwMDAwMCwidXBkYXRlIjoyNzAwMDAwMDAwMDAwfX0=",
          "dependencies": [
            "azurerm_key_vault.enterprise_vault",
            "azurerm_network_interface.app_nic",
            "azurerm_public_ip.app_vm_public_ip",
            "azurerm_public_ip.bastion_ip",
            "azurerm_resource_group.enterprise_rg",
            "azurerm_storage_account.enterprise_storage",
            "azurerm_subnet.app_subnet",
            "azurerm_virtual_network.enterprise_vnet",
            "data.azurerm_client_config.current",
            "random_password.app_vm_password"
          ]
        },
        {
          "index_key": 1,
          "schema_version": 0,
          "attributes": {
            "additional_capabilities": [],
            "additional_unattend_content": [],
            "admin_password": "nblP2DWCFQMTbYtD",
            "admin_username": "adminuser",
            "allow_extension_operations": true,
            "availability_set_id": "",
            "boot_diagnostics": [],
            "bypass_platform_safety_checks_on_user_schedule_enabled": false,
            "capacity_reservation_group_id": "",
            "computer_name": "EntrpriseAppVM2",
            "custom_data": null,
            "dedicated_host_group_id": "",
            "dedicated_host_id": "",
            "disk_controller_type": "",
            "edge_zone": "",
            "enable_automatic_updates": true,
            "encryption_at_host_enabled": false,
            "eviction_policy": "",
            "extensions_time_budget": "PT1H30M",
            "gallery_application": [],
            "hotpatching_enabled": false,
            "id": "/subscriptions/6965eb53-1efc-427c-90a5-b7f30f902d11/resourceGroups/CGI-Enterprise/providers/Microsoft.Compute/virtualMachines/EntrpriseAppVM2",
            "identity": [
              {
                "identity_ids": null,
                "principal_id": "7db056de-8a87-4582-b051-f61104b7233c",
                "tenant_id": "b9fec68c-c92d-461e-9a97-3d03a0f18b82",
                "type": "SystemAssigned"
              }
            ],
            "license_type": "",
            "location": "canadaeast",
            "max_bid_price": -1,
            "name": "EntrpriseAppVM2",
            "network_interface_ids": [
              "/subscriptions/6965eb53-1efc-427c-90a5-b7f30f902d11/resourceGroups/CGI-Enterprise/providers/Microsoft.Network/networkInterfaces/app-nic-2"
            ],
            "os_disk": [
              {
                "caching": "ReadWrite",
                "diff_disk_settings": [],
                "disk_encryption_set_id": "",
                "disk_size_gb": 127,
                "name": "EntrpriseAppVM2_OsDisk_1_6365acfb26e1491d95c6e62ec9266922",
                "secure_vm_disk_encryption_set_id": "",
                "security_encryption_type": "",
                "storage_account_type": "Premium_LRS",
                "write_accelerator_enabled": false
              }
            ],
            "os_image_notification": [],
            "patch_assessment_mode": "ImageDefault",
            "patch_mode": "AutomaticByOS",
            "plan": [],
            "platform_fault_domain": -1,
            "priority": "Regular",
            "private_ip_address": "10.1.1.4",
            "private_ip_addresses": [
              "10.1.1.4"
            ],
            "provision_vm_agent": true,
            "proximity_placement_group_id": "",
            "public_ip_address": "4.248.63.253",
            "public_ip_addresses": [
              "4.248.63.253"
            ],
            "reboot_setting": "",
            "resource_group_name": "CGI-Enterprise",
            "secret": [],
            "secure_boot_enabled": false,
            "size": "Standard_D2s_v3",
            "source_image_id": "",
            "source_image_reference": [
              {
                "offer": "WindowsServer",
                "publisher": "MicrosoftWindowsServer",
                "sku": "2019-Datacenter",
                "version": "latest"
              }
            ],
            "tags": null,
            "termination_notification": null,
            "timeouts": null,
            "timezone": "",
            "user_data": "",
            "virtual_machine_id": "76c27962-7629-4bd7-ba3e-d7e3251faae4",
            "virtual_machine_scale_set_id": "",
            "vm_agent_platform_updates_enabled": false,
            "vtpm_enabled": false,
            "winrm_listener": [],
            "zone": ""
          },
          "sensitive_attributes": [
            [
              {
                "type": "get_attr",
                "value": "admin_password"
              }
            ],
            [
              {
                "type": "get_attr",
                "value": "custom_data"
              }
            ]
          ],
          "private": "eyJlMmJmYjczMC1lY2FhLTExZTYtOGY4OC0zNDM2M2JjN2M0YzAiOnsiY3JlYXRlIjoyNzAwMDAwMDAwMDAwLCJkZWxldGUiOjI3MDAwMDAwMDAwMDAsInJlYWQiOjMwMDAwMDAwMDAwMCwidXBkYXRlIjoyNzAwMDAwMDAwMDAwfX0=",
          "dependencies": [
            "azurerm_key_vault.enterprise_vault",
            "azurerm_network_interface.app_nic",
            "azurerm_public_ip.app_vm_public_ip",
            "azurerm_public_ip.bastion_ip",
            "azurerm_resource_group.enterprise_rg",
            "azurerm_storage_account.enterprise_storage",
            "azurerm_subnet.app_subnet",
            "azurerm_virtual_network.enterprise_vnet",
            "data.azurerm_client_config.current",
            "random_password.app_vm_password"
          ]
        }
      ]
    },
    {
      "mode": "managed",
      "type": "azurerm_windows_virtual_machine",
      "name": "db_vm",
      "provider": "provider[\"registry.terraform.io/hashicorp/azurerm\"]",
      "instances": [
        {
          "schema_version": 0,
          "attributes": {
            "additional_capabilities": [],
            "additional_unattend_content": [],
            "admin_password": "hYG!q0%thx5MN0IZ",
            "admin_username": "adminuser",
            "allow_extension_operations": true,
            "availability_set_id": "",
            "boot_diagnostics": [],
            "bypass_platform_safety_checks_on_user_schedule_enabled": false,
            "capacity_reservation_group_id": "",
            "computer_name": "EnterpriseDBVM",
            "custom_data": null,
            "dedicated_host_group_id": "",
            "dedicated_host_id": "",
            "disk_controller_type": "",
            "edge_zone": "",
            "enable_automatic_updates": true,
            "encryption_at_host_enabled": false,
            "eviction_policy": "",
            "extensions_time_budget": "PT1H30M",
            "gallery_application": [],
            "hotpatching_enabled": false,
            "id": "/subscriptions/6965eb53-1efc-427c-90a5-b7f30f902d11/resourceGroups/CGI-Enterprise/providers/Microsoft.Compute/virtualMachines/EnterpriseDBVM",
            "identity": [
              {
                "identity_ids": null,
                "principal_id": "34078acd-7eff-44a5-9139-6fdb3daec6e3",
                "tenant_id": "b9fec68c-c92d-461e-9a97-3d03a0f18b82",
                "type": "SystemAssigned"
              }
            ],
            "license_type": "",
            "location": "canadaeast",
            "max_bid_price": -1,
            "name": "EnterpriseDBVM",
            "network_interface_ids": [
              "/subscriptions/6965eb53-1efc-427c-90a5-b7f30f902d11/resourceGroups/CGI-Enterprise/providers/Microsoft.Network/networkInterfaces/db-nic"
            ],
            "os_disk": [
              {
                "caching": "ReadWrite",
                "diff_disk_settings": [],
                "disk_encryption_set_id": "",
                "disk_size_gb": 127,
                "name": "EnterpriseDBVM_OsDisk_1_b671ff56283b40369d2808d4e4208344",
                "secure_vm_disk_encryption_set_id": "",
                "security_encryption_type": "",
                "storage_account_type": "Premium_LRS",
                "write_accelerator_enabled": false
              }
            ],
            "os_image_notification": [],
            "patch_assessment_mode": "ImageDefault",
            "patch_mode": "AutomaticByOS",
            "plan": [],
            "platform_fault_domain": -1,
            "priority": "Regular",
            "private_ip_address": "10.1.2.4",
            "private_ip_addresses": [
              "10.1.2.4"
            ],
            "provision_vm_agent": true,
            "proximity_placement_group_id": "",
            "public_ip_address": "",
            "public_ip_addresses": [],
            "reboot_setting": "",
            "resource_group_name": "CGI-Enterprise",
            "secret": [],
            "secure_boot_enabled": false,
            "size": "Standard_D4s_v3",
            "source_image_id": "",
            "source_image_reference": [
              {
                "offer": "SQL2019-WS2019",
                "publisher": "MicrosoftSQLServer",
                "sku": "Standard",
                "version": "latest"
              }
            ],
            "tags": null,
            "termination_notification": null,
            "timeouts": null,
            "timezone": "",
            "user_data": "",
            "virtual_machine_id": "bad34c91-9c1f-4193-8cb2-a7f2a3c54ad8",
            "virtual_machine_scale_set_id": "",
            "vm_agent_platform_updates_enabled": false,
            "vtpm_enabled": false,
            "winrm_listener": [],
            "zone": ""
          },
          "sensitive_attributes": [
            [
              {
                "type": "get_attr",
                "value": "admin_password"
              }
            ],
            [
              {
                "type": "get_attr",
                "value": "custom_data"
              }
            ]
          ],
          "private": "eyJlMmJmYjczMC1lY2FhLTExZTYtOGY4OC0zNDM2M2JjN2M0YzAiOnsiY3JlYXRlIjoyNzAwMDAwMDAwMDAwLCJkZWxldGUiOjI3MDAwMDAwMDAwMDAsInJlYWQiOjMwMDAwMDAwMDAwMCwidXBkYXRlIjoyNzAwMDAwMDAwMDAwfX0=",
          "dependencies": [
            "azurerm_network_interface.db_nic",
            "azurerm_resource_group.enterprise_rg",
            "azurerm_subnet.data_subnet",
            "azurerm_virtual_network.enterprise_vnet",
            "random_password.db_vm_password"
          ]
        }
      ]
    },
    {
      "mode": "managed",
      "type": "random_password",
      "name": "app_vm_password",
      "provider": "provider[\"registry.terraform.io/hashicorp/random\"]",
      "instances": [
        {
          "schema_version": 3,
          "attributes": {
            "bcrypt_hash": "$2a$10$5PJluJvnpV8yxopeI8k3H.uJcsIUq92nCxG7afe9gFsLr192wEqJq",
            "id": "none",
            "keepers": null,
            "length": 16,
            "lower": true,
            "min_lower": 0,
            "min_numeric": 0,
            "min_special": 0,
            "min_upper": 0,
            "number": true,
            "numeric": true,
            "override_special": "!@#$%",
            "result": "nblP2DWCFQMTbYtD",
            "special": true,
            "upper": true
          },
          "sensitive_attributes": [
            [
              {
                "type": "get_attr",
                "value": "bcrypt_hash"
              }
            ],
            [
              {
                "type": "get_attr",
                "value": "result"
              }
            ]
          ]
        }
      ]
    },
    {
      "mode": "managed",
      "type": "random_password",
      "name": "db_vm_password",
      "provider": "provider[\"registry.terraform.io/hashicorp/random\"]",
      "instances": [
        {
          "schema_version": 3,
          "attributes": {
            "bcrypt_hash": "$2a$10$3ex7tQasWdih7QrI.Ma0KuQVaGzn9xokTnnUBem8ykiyWOcQz.pj.",
            "id": "none",
            "keepers": null,
            "length": 16,
            "lower": true,
            "min_lower": 0,
            "min_numeric": 0,
            "min_special": 0,
            "min_upper": 0,
            "number": true,
            "numeric": true,
            "override_special": "!@#$%",
            "result": "hYG!q0%thx5MN0IZ",
            "special": true,
            "upper": true
          },
          "sensitive_attributes": [
            [
              {
                "type": "get_attr",
                "value": "result"
              }
            ],
            [
              {
                "type": "get_attr",
                "value": "bcrypt_hash"
              }
            ]
          ]
        }
      ]
    }
  ],
  "check_results": null
}
